<?xml version="1.0" encoding="utf-8"?>
<Project ToolsVersion="4.0" xmlns="http://schemas.microsoft.com/developer/msbuild/2003">
  <ItemGroup>
    <Filter Include="abl">
      <UniqueIdentifier>{b0f141a7-3c2a-5070-8a49-3c463d86b785}</UniqueIdentifier>
    </Filter>
    <Filter Include="ai">
      <UniqueIdentifier>{6dc84bbe-83b1-5045-99db-53c388780976}</UniqueIdentifier>
    </Filter>
    <Filter Include="appear">
      <UniqueIdentifier>{b56b5c5a-dd84-5439-8874-b2e247dfe6a4}</UniqueIdentifier>
    </Filter>
    <Filter Include="camera">
      <UniqueIdentifier>{b905b3b8-a607-5ddc-a408-542659d9eb43}</UniqueIdentifier>
    </Filter>
    <Filter Include="color">
      <UniqueIdentifier>{afbe9c46-b704-5e98-98d2-57102a4e9fbc}</UniqueIdentifier>
    </Filter>
    <Filter Include="engine">
      <UniqueIdentifier>{1dfb2fda-8983-5c17-bd65-91f99e8ea699}</UniqueIdentifier>
    </Filter>
    <Filter Include="gameos">
      <UniqueIdentifier>{084919b1-0ecc-5f8b-bbfc-d6f51537d71d}</UniqueIdentifier>
    </Filter>
    <Filter Include="gui">
      <UniqueIdentifier>{6d003026-3a73-597f-bdf7-58f3167dd6d4}</UniqueIdentifier>
    </Filter>
    <Filter Include="iface">
      <UniqueIdentifier>{111e0901-4c82-5d84-b3c8-c7a8948049e8}</UniqueIdentifier>
    </Filter>
    <Filter Include="lib">
      <UniqueIdentifier>{cc5610f3-7716-5181-89e1-847d43e2fa3b}</UniqueIdentifier>
    </Filter>
    <Filter Include="linkup">
      <UniqueIdentifier>{4b9016b0-66ee-5667-9959-fdb7a9d9dc49}</UniqueIdentifier>
    </Filter>
    <Filter Include="logistics">
      <UniqueIdentifier>{4bda6fb5-a97f-500a-84a1-d7e1d45095fa}</UniqueIdentifier>
    </Filter>
    <Filter Include="main">
      <UniqueIdentifier>{3409e5fb-f754-554e-8f7d-ccf3980713a2}</UniqueIdentifier>
    </Filter>
    <Filter Include="mission">
      <UniqueIdentifier>{56c5ea0f-4cfa-5360-8606-4042e87aa17d}</UniqueIdentifier>
    </Filter>
    <Filter Include="network">
      <UniqueIdentifier>{eda8cd69-705c-5124-95b2-f16aa6e3f0b6}</UniqueIdentifier>
    </Filter>
    <Filter Include="object">
      <UniqueIdentifier>{0f6bcf40-48ec-5737-9197-58a49a076e75}</UniqueIdentifier>
    </Filter>
    <Filter Include="platform">
      <UniqueIdentifier>{133a6373-da10-59d4-ae75-a3ce233ca577}</UniqueIdentifier>
    </Filter>
    <Filter Include="sound">
      <UniqueIdentifier>{6b88abfb-6b73-5680-8d22-167a6f69e308}</UniqueIdentifier>
    </Filter>
    <Filter Include="sprite">
      <UniqueIdentifier>{f6bfdd80-88cd-59c8-8d5d-9a7d00b07313}</UniqueIdentifier>
    </Filter>
    <Filter Include="terrain">
      <UniqueIdentifier>{a510aa55-db34-52a4-a81b-85f831f72367}</UniqueIdentifier>
    </Filter>
    <Filter Include="vfx">
      <UniqueIdentifier>{7e14d8b9-67da-5881-b9a7-9259eb8213b5}</UniqueIdentifier>
    </Filter>
  </ItemGroup>
  <ItemGroup>
    <ClCompile Include="abl\MCAblCallCompiler.cpp">
      <Filter>abl</Filter>
    </ClCompile>
    <ClCompile Include="abl\MCAblCodeWriter.cpp">
      <Filter>abl</Filter>
    </ClCompile>
    <ClCompile Include="abl\MCAblCompiler.cpp">
      <Filter>abl</Filter>
    </ClCompile>
    <ClCompile Include="abl\MCAblDebugger.cpp">
      <Filter>abl</Filter>
    </ClCompile>
    <ClCompile Include="abl\MCAblDebuggerWindow.cpp">
      <Filter>abl</Filter>
    </ClCompile>
    <ClCompile Include="abl\MCAblDeclarations.cpp">
      <Filter>abl</Filter>
    </ClCompile>
    <ClCompile Include="abl\MCAblErrors.cpp">
      <Filter>abl</Filter>
    </ClCompile>
    <ClCompile Include="abl\MCAblExecExpressions.cpp">
      <Filter>abl</Filter>
    </ClCompile>
    <ClCompile Include="abl\MCAblExecStatements.cpp">
      <Filter>abl</Filter>
    </ClCompile>
    <ClCompile Include="abl\MCAblExpressions.cpp">
      <Filter>abl</Filter>
    </ClCompile>
    <ClCompile Include="abl\MCAblMissionRoutines.cpp">
      <Filter>abl</Filter>
    </ClCompile>
    <ClCompile Include="abl\MCAblModule.cpp">
      <Filter>abl</Filter>
    </ClCompile>
    <ClCompile Include="abl\MCAblObjectActionRoutines.cpp">
      <Filter>abl</Filter>
    </ClCompile>
    <ClCompile Include="abl\MCAblObjectRoutines.cpp">
      <Filter>abl</Filter>
    </ClCompile>
    <ClCompile Include="abl\MCAblOrderRoutines.cpp">
      <Filter>abl</Filter>
    </ClCompile>
    <ClCompile Include="abl\MCAblRoutines.cpp">
      <Filter>abl</Filter>
    </ClCompile>
    <ClCompile Include="abl\MCAblRuntime.cpp">
      <Filter>abl</Filter>
    </ClCompile>
    <ClCompile Include="abl\MCAblScanner.cpp">
      <Filter>abl</Filter>
    </ClCompile>
    <ClCompile Include="abl\MCAblStatements.cpp">
      <Filter>abl</Filter>
    </ClCompile>
    <ClCompile Include="abl\MCAblStdRoutines.cpp">
      <Filter>abl</Filter>
    </ClCompile>
    <ClCompile Include="abl\MCAblSymbolTable.cpp">
      <Filter>abl</Filter>
    </ClCompile>
    <ClCompile Include="abl\MCAblUnitRoutines.cpp">
      <Filter>abl</Filter>
    </ClCompile>
    <ClCompile Include="abl\MCScrollingTextWindow.cpp">
      <Filter>abl</Filter>
    </ClCompile>
    <ClCompile Include="ai\MCGlobalMap.cpp">
      <Filter>ai</Filter>
    </ClCompile>
    <ClCompile Include="ai\MCMoveChunk.cpp">
      <Filter>ai</Filter>
    </ClCompile>
    <ClCompile Include="ai\MCMoveGeometry.cpp">
      <Filter>ai</Filter>
    </ClCompile>
    <ClCompile Include="ai\MCMoveMap.cpp">
      <Filter>ai</Filter>
    </ClCompile>
    <ClCompile Include="ai\MCMovePath.cpp">
      <Filter>ai</Filter>
    </ClCompile>
    <ClCompile Include="ai\MCMovePathManager.cpp">
      <Filter>ai</Filter>
    </ClCompile>
    <ClCompile Include="ai\MCMoveSystem.cpp">
      <Filter>ai</Filter>
    </ClCompile>
    <ClCompile Include="ai\MCObjectMap.cpp">
      <Filter>ai</Filter>
    </ClCompile>
    <ClCompile Include="ai\MCRefit.cpp">
      <Filter>ai</Filter>
    </ClCompile>
    <ClCompile Include="ai\MCScenarioMap.cpp">
      <Filter>ai</Filter>
    </ClCompile>
    <ClCompile Include="ai\MCTacticalOrder.cpp">
      <Filter>ai</Filter>
    </ClCompile>
    <ClCompile Include="appear\MCAppearance.cpp">
      <Filter>appear</Filter>
    </ClCompile>
    <ClCompile Include="appear\MCAppearanceType.cpp">
      <Filter>appear</Filter>
    </ClCompile>
    <ClCompile Include="appear\MCAppearanceTypeList.cpp">
      <Filter>appear</Filter>
    </ClCompile>
    <ClCompile Include="camera\MCCamera.cpp">
      <Filter>camera</Filter>
    </ClCompile>
    <ClCompile Include="camera\MCCameraList.cpp">
      <Filter>camera</Filter>
    </ClCompile>
    <ClCompile Include="camera\MCMainWindow.cpp">
      <Filter>camera</Filter>
    </ClCompile>
    <ClCompile Include="camera\MCViewWindow.cpp">
      <Filter>camera</Filter>
    </ClCompile>
    <ClCompile Include="color\MCPalette.cpp">
      <Filter>color</Filter>
    </ClCompile>
    <ClCompile Include="color\MCWaterCycle.cpp">
      <Filter>color</Filter>
    </ClCompile>
    <ClCompile Include="engine\MCBitFlag.cpp">
      <Filter>engine</Filter>
    </ClCompile>
    <ClCompile Include="engine\MCByteFlag.cpp">
      <Filter>engine</Filter>
    </ClCompile>
    <ClCompile Include="engine\MCCraterManager.cpp">
      <Filter>engine</Filter>
    </ClCompile>
    <ClCompile Include="engine\MCDeltaElement.cpp">
      <Filter>engine</Filter>
    </ClCompile>
    <ClCompile Include="engine\MCElement.cpp">
      <Filter>engine</Filter>
    </ClCompile>
    <ClCompile Include="engine\MCElementBuffer.cpp">
      <Filter>engine</Filter>
    </ClCompile>
    <ClCompile Include="engine\MCEllipseElement.cpp">
      <Filter>engine</Filter>
    </ClCompile>
    <ClCompile Include="engine\MCFont.cpp">
      <Filter>engine</Filter>
    </ClCompile>
    <ClCompile Include="engine\MCFontElement.cpp">
      <Filter>engine</Filter>
    </ClCompile>
    <ClCompile Include="engine\MCLineElement.cpp">
      <Filter>engine</Filter>
    </ClCompile>
    <ClCompile Include="engine\MCPolygonElement.cpp">
      <Filter>engine</Filter>
    </ClCompile>
    <ClCompile Include="engine\MCScaleDraw.cpp">
      <Filter>engine</Filter>
    </ClCompile>
    <ClCompile Include="engine\MCVfxElement.cpp">
      <Filter>engine</Filter>
    </ClCompile>
    <ClCompile Include="engine\MCWriteTga.cpp">
      <Filter>engine</Filter>
    </ClCompile>
    <ClCompile Include="gameos\MCSoundChannel.cpp">
      <Filter>gameos</Filter>
    </ClCompile>
    <ClCompile Include="gameos\MCSoundRenderer.cpp">
      <Filter>gameos</Filter>
    </ClCompile>
    <ClCompile Include="gameos\MCSoundResource.cpp">
      <Filter>gameos</Filter>
    </ClCompile>
    <ClCompile Include="gui\MCFloatHelp.cpp">
      <Filter>gui</Filter>
    </ClCompile>
    <ClCompile Include="gui\MCGuiAnimation.cpp">
      <Filter>gui</Filter>
    </ClCompile>
    <ClCompile Include="gui\MCGuiButton.cpp">
      <Filter>gui</Filter>
    </ClCompile>
    <ClCompile Include="gui\MCGuiButtonBar.cpp">
      <Filter>gui</Filter>
    </ClCompile>
    <ClCompile Include="gui\MCGuiCallback.cpp">
      <Filter>gui</Filter>
    </ClCompile>
    <ClCompile Include="gui\MCGuiChatWindow.cpp">
      <Filter>gui</Filter>
    </ClCompile>
    <ClCompile Include="gui\MCGuiComboBox.cpp">
      <Filter>gui</Filter>
    </ClCompile>
    <ClCompile Include="gui\MCGuiFont.cpp">
      <Filter>gui</Filter>
    </ClCompile>
    <ClCompile Include="gui\MCGuiGlobals.cpp">
      <Filter>gui</Filter>
    </ClCompile>
    <ClCompile Include="gui\MCGuiHolderObject.cpp">
      <Filter>gui</Filter>
    </ClCompile>
    <ClCompile Include="gui\MCGuiInput.cpp">
      <Filter>gui</Filter>
    </ClCompile>
    <ClCompile Include="gui\MCGuiListBox.cpp">
      <Filter>gui</Filter>
    </ClCompile>
    <ClCompile Include="gui\MCGuiMenu.cpp">
      <Filter>gui</Filter>
    </ClCompile>
    <ClCompile Include="gui\MCGuiMessageBox.cpp">
      <Filter>gui</Filter>
    </ClCompile>
    <ClCompile Include="gui\MCGuiObject.cpp">
      <Filter>gui</Filter>
    </ClCompile>
    <ClCompile Include="gui\MCGuiPort.cpp">
      <Filter>gui</Filter>
    </ClCompile>
    <ClCompile Include="gui\MCGuiScrollBar.cpp">
      <Filter>gui</Filter>
    </ClCompile>
    <ClCompile Include="gui\MCGuiScrollTextObject.cpp">
      <Filter>gui</Filter>
    </ClCompile>
    <ClCompile Include="gui\MCGuiSmackerWindow.cpp">
      <Filter>gui</Filter>
    </ClCompile>
    <ClCompile Include="gui\MCGuiSpinner.cpp">
      <Filter>gui</Filter>
    </ClCompile>
    <ClCompile Include="gui\MCGuiStartup.cpp">
      <Filter>gui</Filter>
    </ClCompile>
    <ClCompile Include="gui\MCGuiStartupWindow.cpp">
      <Filter>gui</Filter>
    </ClCompile>
    <ClCompile Include="gui\MCGuiSystem.cpp">
      <Filter>gui</Filter>
    </ClCompile>
    <ClCompile Include="gui\MCGuiSystemDisplay.cpp">
      <Filter>gui</Filter>
    </ClCompile>
    <ClCompile Include="gui\MCGuiTextObject.cpp">
      <Filter>gui</Filter>
    </ClCompile>
    <ClCompile Include="gui\MCGuiTimerManager.cpp">
      <Filter>gui</Filter>
    </ClCompile>
    <ClCompile Include="gui\MCGuiTitleBar.cpp">
      <Filter>gui</Filter>
    </ClCompile>
    <ClCompile Include="gui\MCGuiTitleWindow.cpp">
      <Filter>gui</Filter>
    </ClCompile>
    <ClCompile Include="gui\MCGuiTransparentTextObject.cpp">
      <Filter>gui</Filter>
    </ClCompile>
    <ClCompile Include="gui\MCHardwareCursor.cpp">
      <Filter>gui</Filter>
    </ClCompile>
    <ClCompile Include="gui\MCScrollPane.cpp">
      <Filter>gui</Filter>
    </ClCompile>
    <ClCompile Include="gui\MCUpdateDisplay.cpp">
      <Filter>gui</Filter>
    </ClCompile>
    <ClCompile Include="iface\MCCommandParser.cpp">
      <Filter>iface</Filter>
    </ClCompile>
    <ClCompile Include="iface\MCFriendlyMechIcon.cpp">
      <Filter>iface</Filter>
    </ClCompile>
    <ClCompile Include="iface\MCLanceIcon.cpp">
      <Filter>iface</Filter>
    </ClCompile>
    <ClCompile Include="iface\MCMechBar.cpp">
      <Filter>iface</Filter>
    </ClCompile>
    <ClCompile Include="iface\MCMechIcon.cpp">
      <Filter>iface</Filter>
    </ClCompile>
    <ClCompile Include="iface\MCOrderSink.cpp">
      <Filter>iface</Filter>
    </ClCompile>
    <ClCompile Include="iface\MCTacticalInterface.cpp">
      <Filter>iface</Filter>
    </ClCompile>
    <ClCompile Include="iface\MCTacticalInterfaceClicks.cpp">
      <Filter>iface</Filter>
    </ClCompile>
    <ClCompile Include="iface\MCTacticalInterfaceKeys.cpp">
      <Filter>iface</Filter>
    </ClCompile>
    <ClCompile Include="iface\MCTacticalInterfaceMouseState.cpp">
      <Filter>iface</Filter>
    </ClCompile>
    <ClCompile Include="iface\MCTacticalInterfaceSelection.cpp">
      <Filter>iface</Filter>
    </ClCompile>
    <ClCompile Include="lib\MCDice.cpp">
      <Filter>lib</Filter>
    </ClCompile>
    <ClCompile Include="lib\MCFastFile.cpp">
      <Filter>lib</Filter>
    </ClCompile>
    <ClCompile Include="lib\MCFastFileSet.cpp">
      <Filter>lib</Filter>
    </ClCompile>
    <ClCompile Include="lib\MCFatal.cpp">
      <Filter>lib</Filter>
    </ClCompile>
    <ClCompile Include="lib\MCFile.cpp">
      <Filter>lib</Filter>
    </ClCompile>
    <ClCompile Include="lib\MCFitIniFile.cpp">
      <Filter>lib</Filter>
    </ClCompile>
    <ClCompile Include="lib\MCLinkedList.cpp">
      <Filter>lib</Filter>
    </ClCompile>
    <ClCompile Include="lib\MCLzCompress.cpp">
      <Filter>lib</Filter>
    </ClCompile>
    <ClCompile Include="lib\MCLzDecompress.cpp">
      <Filter>lib</Filter>
    </ClCompile>
    <ClCompile Include="lib\MCPacketFile.cpp">
      <Filter>lib</Filter>
    </ClCompile>
    <ClCompile Include="lib\MCPriorityQueue.cpp">
      <Filter>lib</Filter>
    </ClCompile>
    <ClCompile Include="linkup\dpdialog.cpp">
      <Filter>linkup</Filter>
    </ClCompile>
    <ClCompile Include="linkup\dpmessage.cpp">
      <Filter>linkup</Filter>
    </ClCompile>
    <ClCompile Include="linkup\dpplayer.cpp">
      <Filter>linkup</Filter>
    </ClCompile>
    <ClCompile Include="linkup\fidpgroup.cpp">
      <Filter>linkup</Filter>
    </ClCompile>
    <ClCompile Include="linkup\filetransferinfo.cpp">
      <Filter>linkup</Filter>
    </ClCompile>
    <ClCompile Include="linkup\linkedlist.cpp">
      <Filter>linkup</Filter>
    </ClCompile>
    <ClCompile Include="linkup\session.cpp">
      <Filter>linkup</Filter>
    </ClCompile>
    <ClCompile Include="linkup\sessionmanager.cpp">
      <Filter>linkup</Filter>
    </ClCompile>
    <ClCompile Include="logistics\MCBriefingBox.cpp">
      <Filter>logistics</Filter>
    </ClCompile>
    <ClCompile Include="logistics\MCBriefingScreen.cpp">
      <Filter>logistics</Filter>
    </ClCompile>
    <ClCompile Include="logistics\MCCompInventoryBlock.cpp">
      <Filter>logistics</Filter>
    </ClCompile>
    <ClCompile Include="logistics\MCCompPurchaseBlock.cpp">
      <Filter>logistics</Filter>
    </ClCompile>
    <ClCompile Include="logistics\MCConnectMenu.cpp">
      <Filter>logistics</Filter>
    </ClCompile>
    <ClCompile Include="logistics\MCDragIcon.cpp">
      <Filter>logistics</Filter>
    </ClCompile>
    <ClCompile Include="logistics\MCFileScrollPane.cpp">
      <Filter>logistics</Filter>
    </ClCompile>
    <ClCompile Include="logistics\MCGameList.cpp">
      <Filter>logistics</Filter>
    </ClCompile>
    <ClCompile Include="logistics\MCGenericScreen.cpp">
      <Filter>logistics</Filter>
    </ClCompile>
    <ClCompile Include="logistics\MCInventoryBlock.cpp">
      <Filter>logistics</Filter>
    </ClCompile>
    <ClCompile Include="logistics\MCLoadSaveMenu.cpp">
      <Filter>logistics</Filter>
    </ClCompile>
    <ClCompile Include="logistics\MCLogButton.cpp">
      <Filter>logistics</Filter>
    </ClCompile>
    <ClCompile Include="logistics\MCLogChatInput.cpp">
      <Filter>logistics</Filter>
    </ClCompile>
    <ClCompile Include="logistics\MCLogChatWindow.cpp">
      <Filter>logistics</Filter>
    </ClCompile>
    <ClCompile Include="logistics\MCLogComboBox.cpp">
      <Filter>logistics</Filter>
    </ClCompile>
    <ClCompile Include="logistics\MCLogDialogBox.cpp">
      <Filter>logistics</Filter>
    </ClCompile>
    <ClCompile Include="logistics\MCLogDialogButton.cpp">
      <Filter>logistics</Filter>
    </ClCompile>
    <ClCompile Include="logistics\MCLogInvScreen.cpp">
      <Filter>logistics</Filter>
    </ClCompile>
    <ClCompile Include="logistics\MCLogMenus.cpp">
      <Filter>logistics</Filter>
    </ClCompile>
    <ClCompile Include="logistics\MCLogObject.cpp">
      <Filter>logistics</Filter>
    </ClCompile>
    <ClCompile Include="logistics\MCLogPort.cpp">
      <Filter>logistics</Filter>
    </ClCompile>
    <ClCompile Include="logistics\MCLogRows.cpp">
      <Filter>logistics</Filter>
    </ClCompile>
    <ClCompile Include="logistics\MCLogScrollTextObject.cpp">
      <Filter>logistics</Filter>
    </ClCompile>
    <ClCompile Include="logistics\MCLogSlider.cpp">
      <Filter>logistics</Filter>
    </ClCompile>
    <ClCompile Include="logistics\MCLogTextObject.cpp">
      <Filter>logistics</Filter>
    </ClCompile>
    <ClCompile Include="logistics\MCLogToolButton.cpp">
      <Filter>logistics</Filter>
    </ClCompile>
    <ClCompile Include="logistics\MCMainMenu.cpp">
      <Filter>logistics</Filter>
    </ClCompile>
    <ClCompile Include="logistics\MCMechBriefBlock.cpp">
      <Filter>logistics</Filter>
    </ClCompile>
    <ClCompile Include="logistics\MCMechInventoryBlock.cpp">
      <Filter>logistics</Filter>
    </ClCompile>
    <ClCompile Include="logistics\MCMechPurchaseBlock.cpp">
      <Filter>logistics</Filter>
    </ClCompile>
    <ClCompile Include="logistics\MCMechRepairBlock.cpp">
      <Filter>logistics</Filter>
    </ClCompile>
    <ClCompile Include="logistics\MCMissionLogisticsBridge.cpp">
      <Filter>logistics</Filter>
    </ClCompile>
    <ClCompile Include="logistics\MCPilotInventoryBlock.cpp">
      <Filter>logistics</Filter>
    </ClCompile>
    <ClCompile Include="logistics\MCPilotPurchaseBlock.cpp">
      <Filter>logistics</Filter>
    </ClCompile>
    <ClCompile Include="logistics\MCPlayerNameObject.cpp">
      <Filter>logistics</Filter>
    </ClCompile>
    <ClCompile Include="logistics\MCPreferencesMenu.cpp">
      <Filter>logistics</Filter>
    </ClCompile>
    <ClCompile Include="logistics\MCPurchaseDlg.cpp">
      <Filter>logistics</Filter>
    </ClCompile>
    <ClCompile Include="logistics\MCPurchaseScreen.cpp">
      <Filter>logistics</Filter>
    </ClCompile>
    <ClCompile Include="logistics\MCPurMechList.cpp">
      <Filter>logistics</Filter>
    </ClCompile>
    <ClCompile Include="logistics\MCPurPilotList.cpp">
      <Filter>logistics</Filter>
    </ClCompile>
    <ClCompile Include="logistics\MCPurProfile.cpp">
      <Filter>logistics</Filter>
    </ClCompile>
    <ClCompile Include="logistics\MCPurVehicleList.cpp">
      <Filter>logistics</Filter>
    </ClCompile>
    <ClCompile Include="logistics\MCRegistrySettings.cpp">
      <Filter>logistics</Filter>
    </ClCompile>
    <ClCompile Include="logistics\MCRepairScreen.cpp">
      <Filter>logistics</Filter>
    </ClCompile>
    <ClCompile Include="logistics\MCReusableDialog.cpp">
      <Filter>logistics</Filter>
    </ClCompile>
    <ClCompile Include="logistics\MCSessionScreen.cpp">
      <Filter>logistics</Filter>
    </ClCompile>
    <ClCompile Include="logistics\MCSmuti.cpp">
      <Filter>logistics</Filter>
    </ClCompile>
    <ClCompile Include="logistics\MCSplashScreen.cpp">
      <Filter>logistics</Filter>
    </ClCompile>
    <ClCompile Include="logistics\MCStoreRow.cpp">
      <Filter>logistics</Filter>
    </ClCompile>
    <ClCompile Include="logistics\MCTicker.cpp">
      <Filter>logistics</Filter>
    </ClCompile>
    <ClCompile Include="logistics\MCUnitLimits.cpp">
      <Filter>logistics</Filter>
    </ClCompile>
    <ClCompile Include="logistics\MCVehicleInventoryBlock.cpp">
      <Filter>logistics</Filter>
    </ClCompile>
    <ClCompile Include="logistics\MCVehiclePurchaseBlock.cpp">
      <Filter>logistics</Filter>
    </ClCompile>
    <ClCompile Include="logistics\MCVehicleRepairBlock.cpp">
      <Filter>logistics</Filter>
    </ClCompile>
    <ClCompile Include="main\MCAblDebuggerConsole.cpp">
      <Filter>main</Filter>
    </ClCompile>
    <ClCompile Include="main\MCErrorReport.cpp">
      <Filter>main</Filter>
    </ClCompile>
    <ClCompile Include="main\MCForceMessages.cpp">
      <Filter>main</Filter>
    </ClCompile>
    <ClCompile Include="main\MCGameContext.cpp">
      <Filter>main</Filter>
    </ClCompile>
    <ClCompile Include="main\MCGamePaths.cpp">
      <Filter>main</Filter>
    </ClCompile>
    <ClCompile Include="main\MCGameSession.cpp">
      <Filter>main</Filter>
    </ClCompile>
    <ClCompile Include="main\MCGameStrings.cpp">
      <Filter>main</Filter>
    </ClCompile>
    <ClCompile Include="main\MCInventoryList.cpp">
      <Filter>main</Filter>
    </ClCompile>
    <ClCompile Include="main\MCLogistics.cpp">
      <Filter>main</Filter>
    </ClCompile>
    <ClCompile Include="main\MCLogisticsCampaign.cpp">
      <Filter>main</Filter>
    </ClCompile>
    <ClCompile Include="main\MCLogisticsCheats.cpp">
      <Filter>main</Filter>
    </ClCompile>
    <ClCompile Include="main\MCLogisticsForce.cpp">
      <Filter>main</Filter>
    </ClCompile>
    <ClCompile Include="main\MCLogisticsMultiplayer.cpp">
      <Filter>main</Filter>
    </ClCompile>
    <ClCompile Include="main\MCLogisticsPurchasing.cpp">
      <Filter>main</Filter>
    </ClCompile>
    <ClCompile Include="main\MCLogisticsScenario.cpp">
      <Filter>main</Filter>
    </ClCompile>
    <ClCompile Include="main\MCLogisticsShared.cpp">
      <Filter>main</Filter>
    </ClCompile>
    <ClCompile Include="main\MCLogMech.cpp">
      <Filter>main</Filter>
    </ClCompile>
    <ClCompile Include="main\MCLogMechList.cpp">
      <Filter>main</Filter>
    </ClCompile>
    <ClCompile Include="main\MCLogVehicle.cpp">
      <Filter>main</Filter>
    </ClCompile>
    <ClCompile Include="main\MCLogVehicleList.cpp">
      <Filter>main</Filter>
    </ClCompile>
    <ClCompile Include="main\MCLogWarrior.cpp">
      <Filter>main</Filter>
    </ClCompile>
    <ClCompile Include="main\MCLogWarriorList.cpp">
      <Filter>main</Filter>
    </ClCompile>
    <ClCompile Include="main\MCMissionGlobals.cpp">
      <Filter>main</Filter>
    </ClCompile>
    <ClCompile Include="main\MCMPPlayerLights.cpp">
      <Filter>main</Filter>
    </ClCompile>
    <ClCompile Include="main\MCSystemConfig.cpp">
      <Filter>main</Filter>
    </ClCompile>
    <ClCompile Include="MCPort.cpp" />
    <ClCompile Include="mission\MCDifficultySettings.cpp">
      <Filter>mission</Filter>
    </ClCompile>
    <ClCompile Include="mission\MCMission.cpp">
      <Filter>mission</Filter>
    </ClCompile>
    <ClCompile Include="mission\MCMissionResults.cpp">
      <Filter>mission</Filter>
    </ClCompile>
    <ClCompile Include="mission\MCMissionResultsScreen.cpp">
      <Filter>mission</Filter>
    </ClCompile>
    <ClCompile Include="mission\MCScenario.cpp">
      <Filter>mission</Filter>
    </ClCompile>
    <ClCompile Include="mission\MCScenarioLoad.cpp">
      <Filter>mission</Filter>
    </ClCompile>
    <ClCompile Include="mission\MCScenarioObjectives.cpp">
      <Filter>mission</Filter>
    </ClCompile>
    <ClCompile Include="mission\MCScenarioPart.cpp">
      <Filter>mission</Filter>
    </ClCompile>
    <ClCompile Include="network\multplyr.cpp">
      <Filter>network</Filter>
    </ClCompile>
    <ClCompile Include="object\MCAIControl.cpp">
      <Filter>object</Filter>
    </ClCompile>
    <ClCompile Include="object\MCArtillery.cpp">
      <Filter>object</Filter>
    </ClCompile>
    <ClCompile Include="object\MCArtilleryChunk.cpp">
      <Filter>object</Filter>
    </ClCompile>
    <ClCompile Include="object\MCArtilleryType.cpp">
      <Filter>object</Filter>
    </ClCompile>
    <ClCompile Include="object\MCBaseObject.cpp">
      <Filter>object</Filter>
    </ClCompile>
    <ClCompile Include="object\MCBattleMech.cpp">
      <Filter>object</Filter>
    </ClCompile>
    <ClCompile Include="object\MCBattleMechCombat.cpp">
      <Filter>object</Filter>
    </ClCompile>
    <ClCompile Include="object\MCBattleMechMovement.cpp">
      <Filter>object</Filter>
    </ClCompile>
    <ClCompile Include="object\MCBattleMechNetwork.cpp">
      <Filter>object</Filter>
    </ClCompile>
    <ClCompile Include="object\MCBattleMechType.cpp">
      <Filter>object</Filter>
    </ClCompile>
    <ClCompile Include="object\MCBigGameObject.cpp">
      <Filter>object</Filter>
    </ClCompile>
    <ClCompile Include="object\MCBuilding.cpp">
      <Filter>object</Filter>
    </ClCompile>
    <ClCompile Include="object\MCBuildingMarines.cpp">
      <Filter>object</Filter>
    </ClCompile>
    <ClCompile Include="object\MCBuildingType.cpp">
      <Filter>object</Filter>
    </ClCompile>
    <ClCompile Include="object\MCBullet.cpp">
      <Filter>object</Filter>
    </ClCompile>
    <ClCompile Include="object\MCBulletType.cpp">
      <Filter>object</Filter>
    </ClCompile>
    <ClCompile Include="object\MCCameraDrone.cpp">
      <Filter>object</Filter>
    </ClCompile>
    <ClCompile Include="object\MCCameraDroneType.cpp">
      <Filter>object</Filter>
    </ClCompile>
    <ClCompile Include="object\MCCollisionGrid.cpp">
      <Filter>object</Filter>
    </ClCompile>
    <ClCompile Include="object\MCCollisionSystem.cpp">
      <Filter>object</Filter>
    </ClCompile>
    <ClCompile Include="object\MCCommander.cpp">
      <Filter>object</Filter>
    </ClCompile>
    <ClCompile Include="object\MCContactSystem.cpp">
      <Filter>object</Filter>
    </ClCompile>
    <ClCompile Include="object\MCDebris.cpp">
      <Filter>object</Filter>
    </ClCompile>
    <ClCompile Include="object\MCDebrisType.cpp">
      <Filter>object</Filter>
    </ClCompile>
    <ClCompile Include="object\MCDynamics.cpp">
      <Filter>object</Filter>
    </ClCompile>
    <ClCompile Include="object\MCEffectSystem.cpp">
      <Filter>object</Filter>
    </ClCompile>
    <ClCompile Include="object\MCElemental.cpp">
      <Filter>object</Filter>
    </ClCompile>
    <ClCompile Include="object\MCElementalCombat.cpp">
      <Filter>object</Filter>
    </ClCompile>
    <ClCompile Include="object\MCElementalDynamics.cpp">
      <Filter>object</Filter>
    </ClCompile>
    <ClCompile Include="object\MCElementalGameSystem.cpp">
      <Filter>object</Filter>
    </ClCompile>
    <ClCompile Include="object\MCElementalMovement.cpp">
      <Filter>object</Filter>
    </ClCompile>
    <ClCompile Include="object\MCElementalType.cpp">
      <Filter>object</Filter>
    </ClCompile>
    <ClCompile Include="object\MCExplosion.cpp">
      <Filter>object</Filter>
    </ClCompile>
    <ClCompile Include="object\MCExplosionType.cpp">
      <Filter>object</Filter>
    </ClCompile>
    <ClCompile Include="object\MCFire.cpp">
      <Filter>object</Filter>
    </ClCompile>
    <ClCompile Include="object\MCFireType.cpp">
      <Filter>object</Filter>
    </ClCompile>
    <ClCompile Include="object\MCForces.cpp">
      <Filter>object</Filter>
    </ClCompile>
    <ClCompile Include="object\MCGameObject.cpp">
      <Filter>object</Filter>
    </ClCompile>
    <ClCompile Include="object\MCGate.cpp">
      <Filter>object</Filter>
    </ClCompile>
    <ClCompile Include="object\MCGateType.cpp">
      <Filter>object</Filter>
    </ClCompile>
    <ClCompile Include="object\MCGroundVehicle.cpp">
      <Filter>object</Filter>
    </ClCompile>
    <ClCompile Include="object\MCGroundVehicleCombat.cpp">
      <Filter>object</Filter>
    </ClCompile>
    <ClCompile Include="object\MCGroundVehicleDynamics.cpp">
      <Filter>object</Filter>
    </ClCompile>
    <ClCompile Include="object\MCGroundVehicleGameSystem.cpp">
      <Filter>object</Filter>
    </ClCompile>
    <ClCompile Include="object\MCGroundVehicleMovement.cpp">
      <Filter>object</Filter>
    </ClCompile>
    <ClCompile Include="object\MCGroundVehicleNetwork.cpp">
      <Filter>object</Filter>
    </ClCompile>
    <ClCompile Include="object\MCGroundVehicleType.cpp">
      <Filter>object</Filter>
    </ClCompile>
    <ClCompile Include="object\MCJet.cpp">
      <Filter>object</Filter>
    </ClCompile>
    <ClCompile Include="object\MCJetType.cpp">
      <Filter>object</Filter>
    </ClCompile>
    <ClCompile Include="object\MCLaser.cpp">
      <Filter>object</Filter>
    </ClCompile>
    <ClCompile Include="object\MCLaserType.cpp">
      <Filter>object</Filter>
    </ClCompile>
    <ClCompile Include="object\MCLight.cpp">
      <Filter>object</Filter>
    </ClCompile>
    <ClCompile Include="object\MCLightType.cpp">
      <Filter>object</Filter>
    </ClCompile>
    <ClCompile Include="object\MCMasterComponent.cpp">
      <Filter>object</Filter>
    </ClCompile>
    <ClCompile Include="object\MCMechDynamics.cpp">
      <Filter>object</Filter>
    </ClCompile>
    <ClCompile Include="object\MCMechGameSystem.cpp">
      <Filter>object</Filter>
    </ClCompile>
    <ClCompile Include="object\MCMechWarrior.cpp">
      <Filter>object</Filter>
    </ClCompile>
    <ClCompile Include="object\MCMechWarriorAlarms.cpp">
      <Filter>object</Filter>
    </ClCompile>
    <ClCompile Include="object\MCMechWarriorCombat.cpp">
      <Filter>object</Filter>
    </ClCompile>
    <ClCompile Include="object\MCMechWarriorMovement.cpp">
      <Filter>object</Filter>
    </ClCompile>
    <ClCompile Include="object\MCMechWarriorOrders.cpp">
      <Filter>object</Filter>
    </ClCompile>
    <ClCompile Include="object\MCMiscTerrainObject.cpp">
      <Filter>object</Filter>
    </ClCompile>
    <ClCompile Include="object\MCMiscTerrainObjectType.cpp">
      <Filter>object</Filter>
    </ClCompile>
    <ClCompile Include="object\MCMover.cpp">
      <Filter>object</Filter>
    </ClCompile>
    <ClCompile Include="object\MCMoverGameSystem.cpp">
      <Filter>object</Filter>
    </ClCompile>
    <ClCompile Include="object\MCMoverGroup.cpp">
      <Filter>object</Filter>
    </ClCompile>
    <ClCompile Include="object\MCMoverMovement.cpp">
      <Filter>object</Filter>
    </ClCompile>
    <ClCompile Include="object\MCMoverWeapons.cpp">
      <Filter>object</Filter>
    </ClCompile>
    <ClCompile Include="object\MCNetControl.cpp">
      <Filter>object</Filter>
    </ClCompile>
    <ClCompile Include="object\MCObjectBlockManager.cpp">
      <Filter>object</Filter>
    </ClCompile>
    <ClCompile Include="object\MCObjectDrawing.cpp">
      <Filter>object</Filter>
    </ClCompile>
    <ClCompile Include="object\MCObjectEvent.cpp">
      <Filter>object</Filter>
    </ClCompile>
    <ClCompile Include="object\MCObjectList.cpp">
      <Filter>object</Filter>
    </ClCompile>
    <ClCompile Include="object\MCObjectQueue.cpp">
      <Filter>object</Filter>
    </ClCompile>
    <ClCompile Include="object\MCObjectSystem.cpp">
      <Filter>object</Filter>
    </ClCompile>
    <ClCompile Include="object\MCObjectType.cpp">
      <Filter>object</Filter>
    </ClCompile>
    <ClCompile Include="object\MCObjectTypeManager.cpp">
      <Filter>object</Filter>
    </ClCompile>
    <ClCompile Include="object\MCObjectWatcher.cpp">
      <Filter>object</Filter>
    </ClCompile>
    <ClCompile Include="object\MCPilotOrders.cpp">
      <Filter>object</Filter>
    </ClCompile>
    <ClCompile Include="object\MCPlayerControl.cpp">
      <Filter>object</Filter>
    </ClCompile>
    <ClCompile Include="object\MCPotentialContact.cpp">
      <Filter>object</Filter>
    </ClCompile>
    <ClCompile Include="object\MCProjectileLaser.cpp">
      <Filter>object</Filter>
    </ClCompile>
    <ClCompile Include="object\MCProjectileLaserType.cpp">
      <Filter>object</Filter>
    </ClCompile>
    <ClCompile Include="object\MCSensorSystem.cpp">
      <Filter>object</Filter>
    </ClCompile>
    <ClCompile Include="object\MCSmoke.cpp">
      <Filter>object</Filter>
    </ClCompile>
    <ClCompile Include="object\MCSmokeType.cpp">
      <Filter>object</Filter>
    </ClCompile>
    <ClCompile Include="object\MCSortList.cpp">
      <Filter>object</Filter>
    </ClCompile>
    <ClCompile Include="object\MCStatusChunk.cpp">
      <Filter>object</Filter>
    </ClCompile>
    <ClCompile Include="object\MCTacOrderQueue.cpp">
      <Filter>object</Filter>
    </ClCompile>
    <ClCompile Include="object\MCTeam.cpp">
      <Filter>object</Filter>
    </ClCompile>
    <ClCompile Include="object\MCTerrainObject.cpp">
      <Filter>object</Filter>
    </ClCompile>
    <ClCompile Include="object\MCTerrainObjectType.cpp">
      <Filter>object</Filter>
    </ClCompile>
    <ClCompile Include="object\MCTrain.cpp">
      <Filter>object</Filter>
    </ClCompile>
    <ClCompile Include="object\MCTrainCar.cpp">
      <Filter>object</Filter>
    </ClCompile>
    <ClCompile Include="object\MCTrainCarType.cpp">
      <Filter>object</Filter>
    </ClCompile>
    <ClCompile Include="object\MCTrainManager.cpp">
      <Filter>object</Filter>
    </ClCompile>
    <ClCompile Include="object\MCTree.cpp">
      <Filter>object</Filter>
    </ClCompile>
    <ClCompile Include="object\MCTreeBuilding.cpp">
      <Filter>object</Filter>
    </ClCompile>
    <ClCompile Include="object\MCTreeBuildingType.cpp">
      <Filter>object</Filter>
    </ClCompile>
    <ClCompile Include="object\MCTreeType.cpp">
      <Filter>object</Filter>
    </ClCompile>
    <ClCompile Include="object\MCTurret.cpp">
      <Filter>object</Filter>
    </ClCompile>
    <ClCompile Include="object\MCTurretType.cpp">
      <Filter>object</Filter>
    </ClCompile>
    <ClCompile Include="object\MCVertexPlacement.cpp">
      <Filter>object</Filter>
    </ClCompile>
    <ClCompile Include="object\MCWeaponChunkDebug.cpp">
      <Filter>object</Filter>
    </ClCompile>
    <ClCompile Include="object\MCWeaponFireChunk.cpp">
      <Filter>object</Filter>
    </ClCompile>
    <ClCompile Include="object\MCWeaponHitChunk.cpp">
      <Filter>object</Filter>
    </ClCompile>
    <ClCompile Include="object\MCWeaponShotInfo.cpp">
      <Filter>object</Filter>
    </ClCompile>
    <ClCompile Include="platform\MCAllocator.cpp">
      <Filter>platform</Filter>
    </ClCompile>
    <ClCompile Include="platform\MCAudio.cpp">
      <Filter>platform</Filter>
    </ClCompile>
    <ClCompile Include="platform\MCBlockStore.cpp">
      <Filter>platform</Filter>
    </ClCompile>
    <ClCompile Include="platform\MCCursor.cpp">
      <Filter>platform</Filter>
    </ClCompile>
    <ClCompile Include="platform\MCDirectPlay.cpp">
      <Filter>platform</Filter>
    </ClCompile>
    <ClCompile Include="platform\MCDisplay.cpp">
      <Filter>platform</Filter>
    </ClCompile>
    <ClCompile Include="platform\MCFileSystem.cpp">
      <Filter>platform</Filter>
    </ClCompile>
    <ClCompile Include="platform\MCFrameLog.cpp">
      <Filter>platform</Filter>
    </ClCompile>
    <ClCompile Include="platform\MCInput.cpp">
      <Filter>platform</Filter>
    </ClCompile>
    <ClCompile Include="platform\MCPresenter.cpp">
      <Filter>platform</Filter>
    </ClCompile>
    <ClCompile Include="platform\MCRegisteredBlock.cpp">
      <Filter>platform</Filter>
    </ClCompile>
    <ClCompile Include="platform\MCRegistry.cpp">
      <Filter>platform</Filter>
    </ClCompile>
    <ClCompile Include="platform\MCRenderer.cpp">
      <Filter>platform</Filter>
    </ClCompile>
    <ClCompile Include="platform\MCSdlPresenter.cpp">
      <Filter>platform</Filter>
    </ClCompile>
    <ClCompile Include="platform\MCServices.cpp">
      <Filter>platform</Filter>
    </ClCompile>
    <ClCompile Include="platform\MCSmacker.cpp">
      <Filter>platform</Filter>
    </ClCompile>
    <ClCompile Include="platform\MCSocket.cpp">
      <Filter>platform</Filter>
    </ClCompile>
    <ClCompile Include="platform\MCSoftwareRenderer.cpp">
      <Filter>platform</Filter>
    </ClCompile>
    <ClCompile Include="platform\MCSoftwareRendererPolygons.cpp">
      <Filter>platform</Filter>
    </ClCompile>
    <ClCompile Include="platform\MCSoftwareRendererShapes.cpp">
      <Filter>platform</Filter>
    </ClCompile>
    <ClCompile Include="platform\MCStringTable.cpp">
      <Filter>platform</Filter>
    </ClCompile>
    <ClCompile Include="platform\MCVulkanPresenter.cpp">
      <Filter>platform</Filter>
    </ClCompile>
    <ClCompile Include="platform\MCVulkanRenderer.cpp">
      <Filter>platform</Filter>
    </ClCompile>
    <ClCompile Include="platform\MCVulkanShaders.cpp">
      <Filter>platform</Filter>
    </ClCompile>
    <ClCompile Include="sound\MCRadio.cpp">
      <Filter>sound</Filter>
    </ClCompile>
    <ClCompile Include="sound\MCRadioMessage.cpp">
      <Filter>sound</Filter>
    </ClCompile>
    <ClCompile Include="sound\MCSoundSystem.cpp">
      <Filter>sound</Filter>
    </ClCompile>
    <ClCompile Include="sprite\MCArmAppearance.cpp">
      <Filter>sprite</Filter>
    </ClCompile>
    <ClCompile Include="sprite\MCArmAppearanceType.cpp">
      <Filter>sprite</Filter>
    </ClCompile>
    <ClCompile Include="sprite\MCElementalActor.cpp">
      <Filter>sprite</Filter>
    </ClCompile>
    <ClCompile Include="sprite\MCElementalTree.cpp">
      <Filter>sprite</Filter>
    </ClCompile>
    <ClCompile Include="sprite\MCGVAppearance.cpp">
      <Filter>sprite</Filter>
    </ClCompile>
    <ClCompile Include="sprite\MCGVAppearanceType.cpp">
      <Filter>sprite</Filter>
    </ClCompile>
    <ClCompile Include="sprite\MCMechActor.cpp">
      <Filter>sprite</Filter>
    </ClCompile>
    <ClCompile Include="sprite\MCPUAppearance.cpp">
      <Filter>sprite</Filter>
    </ClCompile>
    <ClCompile Include="sprite\MCPUAppearanceType.cpp">
      <Filter>sprite</Filter>
    </ClCompile>
    <ClCompile Include="sprite\MCShape.cpp">
      <Filter>sprite</Filter>
    </ClCompile>
    <ClCompile Include="sprite\MCSpriteManager.cpp">
      <Filter>sprite</Filter>
    </ClCompile>
    <ClCompile Include="sprite\MCSpriteMath.cpp">
      <Filter>sprite</Filter>
    </ClCompile>
    <ClCompile Include="sprite\MCSpriteTree.cpp">
      <Filter>sprite</Filter>
    </ClCompile>
    <ClCompile Include="sprite\MCVfxAppearance.cpp">
      <Filter>sprite</Filter>
    </ClCompile>
    <ClCompile Include="sprite\MCVfxAppearanceType.cpp">
      <Filter>sprite</Filter>
    </ClCompile>
    <ClCompile Include="sprite\MCVfxBuildingAppearance.cpp">
      <Filter>sprite</Filter>
    </ClCompile>
    <ClCompile Include="sprite\MCVfxBuildingAppearanceType.cpp">
      <Filter>sprite</Filter>
    </ClCompile>
    <ClCompile Include="stdafx.cpp" />
    <ClCompile Include="terrain\MCArtilleryButton.cpp">
      <Filter>terrain</Filter>
    </ClCompile>
    <ClCompile Include="terrain\MCGroundMesh.cpp">
      <Filter>terrain</Filter>
    </ClCompile>
    <ClCompile Include="terrain\MCMapBlockManager.cpp">
      <Filter>terrain</Filter>
    </ClCompile>
    <ClCompile Include="terrain\MCTacticalMap.cpp">
      <Filter>terrain</Filter>
    </ClCompile>
    <ClCompile Include="terrain\MCTacticalMapPages.cpp">
      <Filter>terrain</Filter>
    </ClCompile>
    <ClCompile Include="terrain\MCTerrain.cpp">
      <Filter>terrain</Filter>
    </ClCompile>
    <ClCompile Include="terrain\MCTerrainBlock.cpp">
      <Filter>terrain</Filter>
    </ClCompile>
    <ClCompile Include="terrain\MCTerrainTiles.cpp">
      <Filter>terrain</Filter>
    </ClCompile>
    <ClCompile Include="terrain\MCTerrainWindow.cpp">
      <Filter>terrain</Filter>
    </ClCompile>
    <ClCompile Include="terrain\MCToolPalButton.cpp">
      <Filter>terrain</Filter>
    </ClCompile>
    <ClCompile Include="terrain\MCVideoWindow.cpp">
      <Filter>terrain</Filter>
    </ClCompile>
    <ClCompile Include="vfx\MCAgEllipse.cpp">
      <Filter>vfx</Filter>
    </ClCompile>
    <ClCompile Include="vfx\MCAgShapeDraw.cpp">
      <Filter>vfx</Filter>
    </ClCompile>
    <ClCompile Include="vfx\MCAgShapeTransform.cpp">
      <Filter>vfx</Filter>
    </ClCompile>
    <ClCompile Include="vfx\MCAgStatusBar.cpp">
      <Filter>vfx</Filter>
    </ClCompile>
    <ClCompile Include="vfx\MCAlphaPalette.cpp">
      <Filter>vfx</Filter>
    </ClCompile>
    <ClCompile Include="vfx\MCFastShape.cpp">
      <Filter>vfx</Filter>
    </ClCompile>
    <ClCompile Include="vfx\MCVfxFont.cpp">
      <Filter>vfx</Filter>
    </ClCompile>
    <ClCompile Include="vfx\MCVfxImage.cpp">
      <Filter>vfx</Filter>
    </ClCompile>
    <ClCompile Include="vfx\MCVfxMath.cpp">
      <Filter>vfx</Filter>
    </ClCompile>
    <ClCompile Include="vfx\MCVfxPolygon.cpp">
      <Filter>vfx</Filter>
    </ClCompile>
    <ClCompile Include="vfx\MCVfxPrimitives.cpp">
      <Filter>vfx</Filter>
    </ClCompile>
    <ClCompile Include="vfx\MCVfxShape.cpp">
      <Filter>vfx</Filter>
    </ClCompile>
    <ClCompile Include="vfx\MCVfxShapeScan.cpp">
      <Filter>vfx</Filter>
    </ClCompile>
    <ClCompile Include="vfx\MCVfxShapeTransform.cpp">
      <Filter>vfx</Filter>
    </ClCompile>
    <ClCompile Include="vfx\MCVfxTile.cpp">
      <Filter>vfx</Filter>
    </ClCompile>
  </ItemGroup>
  <ItemGroup>
    <ClInclude Include="abl\MCAblCallCompiler.h">
      <Filter>abl</Filter>
    </ClInclude>
    <ClInclude Include="abl\MCAblCode.h">
      <Filter>abl</Filter>
    </ClInclude>
    <ClInclude Include="abl\MCAblCodeWriter.h">
      <Filter>abl</Filter>
    </ClInclude>
    <ClInclude Include="abl\MCAblCompiler.h">
      <Filter>abl</Filter>
    </ClInclude>
    <ClInclude Include="abl\MCAblDebugger.h">
      <Filter>abl</Filter>
    </ClInclude>
    <ClInclude Include="abl\MCAblDebuggerWindow.h">
      <Filter>abl</Filter>
    </ClInclude>
    <ClInclude Include="abl\MCAblErrors.h">
      <Filter>abl</Filter>
    </ClInclude>
    <ClInclude Include="abl\MCAblModule.h">
      <Filter>abl</Filter>
    </ClInclude>
    <ClInclude Include="abl\MCAblRoutineList.h">
      <Filter>abl</Filter>
    </ClInclude>
    <ClInclude Include="abl\MCAblRoutines.h">
      <Filter>abl</Filter>
    </ClInclude>
    <ClInclude Include="abl\MCAblRuntime.h">
      <Filter>abl</Filter>
    </ClInclude>
    <ClInclude Include="abl\MCAblScanner.h">
      <Filter>abl</Filter>
    </ClInclude>
    <ClInclude Include="abl\MCAblSymbol.h">
      <Filter>abl</Filter>
    </ClInclude>
    <ClInclude Include="abl\MCAblSymbolTable.h">
      <Filter>abl</Filter>
    </ClInclude>
    <ClInclude Include="abl\MCAblToken.h">
      <Filter>abl</Filter>
    </ClInclude>
    <ClInclude Include="abl\MCAblTokenLists.h">
      <Filter>abl</Filter>
    </ClInclude>
    <ClInclude Include="abl\MCScrollingTextWindow.h">
      <Filter>abl</Filter>
    </ClInclude>
    <ClInclude Include="ai\MCGlobalMap.h">
      <Filter>ai</Filter>
    </ClInclude>
    <ClInclude Include="ai\MCMoveChunk.h">
      <Filter>ai</Filter>
    </ClInclude>
    <ClInclude Include="ai\MCMoveGeometry.h">
      <Filter>ai</Filter>
    </ClInclude>
    <ClInclude Include="ai\MCMoveMap.h">
      <Filter>ai</Filter>
    </ClInclude>
    <ClInclude Include="ai\MCMovePath.h">
      <Filter>ai</Filter>
    </ClInclude>
    <ClInclude Include="ai\MCMovePathManager.h">
      <Filter>ai</Filter>
    </ClInclude>
    <ClInclude Include="ai\MCMoveSystem.h">
      <Filter>ai</Filter>
    </ClInclude>
    <ClInclude Include="ai\MCObjectMap.h">
      <Filter>ai</Filter>
    </ClInclude>
    <ClInclude Include="ai\MCRefit.h">
      <Filter>ai</Filter>
    </ClInclude>
    <ClInclude Include="ai\MCScenarioMap.h">
      <Filter>ai</Filter>
    </ClInclude>
    <ClInclude Include="ai\MCTacticalOrder.h">
      <Filter>ai</Filter>
    </ClInclude>
    <ClInclude Include="appear\MCAppearance.h">
      <Filter>appear</Filter>
    </ClInclude>
    <ClInclude Include="appear\MCAppearanceType.h">
      <Filter>appear</Filter>
    </ClInclude>
    <ClInclude Include="appear\MCAppearanceTypeList.h">
      <Filter>appear</Filter>
    </ClInclude>
    <ClInclude Include="camera\MCCamera.h">
      <Filter>camera</Filter>
    </ClInclude>
    <ClInclude Include="camera\MCCameraList.h">
      <Filter>camera</Filter>
    </ClInclude>
    <ClInclude Include="camera\MCMainWindow.h">
      <Filter>camera</Filter>
    </ClInclude>
    <ClInclude Include="camera\MCViewWindow.h">
      <Filter>camera</Filter>
    </ClInclude>
    <ClInclude Include="color\MCPalette.h">
      <Filter>color</Filter>
    </ClInclude>
    <ClInclude Include="color\MCWaterCycle.h">
      <Filter>color</Filter>
    </ClInclude>
    <ClInclude Include="engine\MCBitFlag.h">
      <Filter>engine</Filter>
    </ClInclude>
    <ClInclude Include="engine\MCByteFlag.h">
      <Filter>engine</Filter>
    </ClInclude>
    <ClInclude Include="engine\MCCraterManager.h">
      <Filter>engine</Filter>
    </ClInclude>
    <ClInclude Include="engine\MCDeltaElement.h">
      <Filter>engine</Filter>
    </ClInclude>
    <ClInclude Include="engine\MCElement.h">
      <Filter>engine</Filter>
    </ClInclude>
    <ClInclude Include="engine\MCElementBuffer.h">
      <Filter>engine</Filter>
    </ClInclude>
    <ClInclude Include="engine\MCEllipseElement.h">
      <Filter>engine</Filter>
    </ClInclude>
    <ClInclude Include="engine\MCFont.h">
      <Filter>engine</Filter>
    </ClInclude>
    <ClInclude Include="engine\MCFontElement.h">
      <Filter>engine</Filter>
    </ClInclude>
    <ClInclude Include="engine\MCLineElement.h">
      <Filter>engine</Filter>
    </ClInclude>
    <ClInclude Include="engine\MCPolygonElement.h">
      <Filter>engine</Filter>
    </ClInclude>
    <ClInclude Include="engine\MCScaleDraw.h">
      <Filter>engine</Filter>
    </ClInclude>
    <ClInclude Include="engine\MCVfxElement.h">
      <Filter>engine</Filter>
    </ClInclude>
    <ClInclude Include="engine\MCWriteTga.h">
      <Filter>engine</Filter>
    </ClInclude>
    <ClInclude Include="gameos\MCSoundChannel.h">
      <Filter>gameos</Filter>
    </ClInclude>
    <ClInclude Include="gameos\MCSoundRenderer.h">
      <Filter>gameos</Filter>
    </ClInclude>
    <ClInclude Include="gameos\MCSoundResource.h">
      <Filter>gameos</Filter>
    </ClInclude>
    <ClInclude Include="gui\MCFloatHelp.h">
      <Filter>gui</Filter>
    </ClInclude>
    <ClInclude Include="gui\MCGuiAnimation.h">
      <Filter>gui</Filter>
    </ClInclude>
    <ClInclude Include="gui\MCGuiButton.h">
      <Filter>gui</Filter>
    </ClInclude>
    <ClInclude Include="gui\MCGuiButtonBar.h">
      <Filter>gui</Filter>
    </ClInclude>
    <ClInclude Include="gui\MCGuiCallback.h">
      <Filter>gui</Filter>
    </ClInclude>
    <ClInclude Include="gui\MCGuiChatWindow.h">
      <Filter>gui</Filter>
    </ClInclude>
    <ClInclude Include="gui\MCGuiComboBox.h">
      <Filter>gui</Filter>
    </ClInclude>
    <ClInclude Include="gui\MCGuiEvent.h">
      <Filter>gui</Filter>
    </ClInclude>
    <ClInclude Include="gui\MCGuiFont.h">
      <Filter>gui</Filter>
    </ClInclude>
    <ClInclude Include="gui\MCGuiGlobals.h">
      <Filter>gui</Filter>
    </ClInclude>
    <ClInclude Include="gui\MCGuiHolderObject.h">
      <Filter>gui</Filter>
    </ClInclude>
    <ClInclude Include="gui\MCGuiInput.h">
      <Filter>gui</Filter>
    </ClInclude>
    <ClInclude Include="gui\MCGuiListBox.h">
      <Filter>gui</Filter>
    </ClInclude>
    <ClInclude Include="gui\MCGuiMenu.h">
      <Filter>gui</Filter>
    </ClInclude>
    <ClInclude Include="gui\MCGuiMessageBox.h">
      <Filter>gui</Filter>
    </ClInclude>
    <ClInclude Include="gui\MCGuiObject.h">
      <Filter>gui</Filter>
    </ClInclude>
    <ClInclude Include="gui\MCGuiOwned.h">
      <Filter>gui</Filter>
    </ClInclude>
    <ClInclude Include="gui\MCGuiPort.h">
      <Filter>gui</Filter>
    </ClInclude>
    <ClInclude Include="gui\MCGuiScrollBar.h">
      <Filter>gui</Filter>
    </ClInclude>
    <ClInclude Include="gui\MCGuiScrollTextObject.h">
      <Filter>gui</Filter>
    </ClInclude>
    <ClInclude Include="gui\MCGuiSmackerWindow.h">
      <Filter>gui</Filter>
    </ClInclude>
    <ClInclude Include="gui\MCGuiSpinner.h">
      <Filter>gui</Filter>
    </ClInclude>
    <ClInclude Include="gui\MCGuiStartup.h">
      <Filter>gui</Filter>
    </ClInclude>
    <ClInclude Include="gui\MCGuiStartupWindow.h">
      <Filter>gui</Filter>
    </ClInclude>
    <ClInclude Include="gui\MCGuiSystem.h">
      <Filter>gui</Filter>
    </ClInclude>
    <ClInclude Include="gui\MCGuiTextObject.h">
      <Filter>gui</Filter>
    </ClInclude>
    <ClInclude Include="gui\MCGuiTimerManager.h">
      <Filter>gui</Filter>
    </ClInclude>
    <ClInclude Include="gui\MCGuiTitleBar.h">
      <Filter>gui</Filter>
    </ClInclude>
    <ClInclude Include="gui\MCGuiTitleWindow.h">
      <Filter>gui</Filter>
    </ClInclude>
    <ClInclude Include="gui\MCGuiTransparentTextObject.h">
      <Filter>gui</Filter>
    </ClInclude>
    <ClInclude Include="gui\MCHardwareCursor.h">
      <Filter>gui</Filter>
    </ClInclude>
    <ClInclude Include="gui\MCScrollPane.h">
      <Filter>gui</Filter>
    </ClInclude>
    <ClInclude Include="gui\MCUpdateDisplay.h">
      <Filter>gui</Filter>
    </ClInclude>
    <ClInclude Include="iface\MCCommandParser.h">
      <Filter>iface</Filter>
    </ClInclude>
    <ClInclude Include="iface\MCFriendlyMechIcon.h">
      <Filter>iface</Filter>
    </ClInclude>
    <ClInclude Include="iface\MCInterfaceTypes.h">
      <Filter>iface</Filter>
    </ClInclude>
    <ClInclude Include="iface\MCLanceIcon.h">
      <Filter>iface</Filter>
    </ClInclude>
    <ClInclude Include="iface\MCMechBar.h">
      <Filter>iface</Filter>
    </ClInclude>
    <ClInclude Include="iface\MCMechIcon.h">
      <Filter>iface</Filter>
    </ClInclude>
    <ClInclude Include="iface\MCOrderSink.h">
      <Filter>iface</Filter>
    </ClInclude>
    <ClInclude Include="iface\MCTacticalInterface.h">
      <Filter>iface</Filter>
    </ClInclude>
    <ClInclude Include="lib\MCDice.h">
      <Filter>lib</Filter>
    </ClInclude>
    <ClInclude Include="lib\MCFastFile.h">
      <Filter>lib</Filter>
    </ClInclude>
    <ClInclude Include="lib\MCFastFileSet.h">
      <Filter>lib</Filter>
    </ClInclude>
    <ClInclude Include="lib\MCFatal.h">
      <Filter>lib</Filter>
    </ClInclude>
    <ClInclude Include="lib\MCFile.h">
      <Filter>lib</Filter>
    </ClInclude>
    <ClInclude Include="lib\MCFitIniFile.h">
      <Filter>lib</Filter>
    </ClInclude>
    <ClInclude Include="lib\MCFrameOfRef.h">
      <Filter>lib</Filter>
    </ClInclude>
    <ClInclude Include="lib\MCIDString.h">
      <Filter>lib</Filter>
    </ClInclude>
    <ClInclude Include="lib\MCLinkedList.h">
      <Filter>lib</Filter>
    </ClInclude>
    <ClInclude Include="lib\MCLz.h">
      <Filter>lib</Filter>
    </ClInclude>
    <ClInclude Include="lib\MCMsvcSort.h">
      <Filter>lib</Filter>
    </ClInclude>
    <ClInclude Include="lib\MCPacketFile.h">
      <Filter>lib</Filter>
    </ClInclude>
    <ClInclude Include="lib\MCPriorityQueue.h">
      <Filter>lib</Filter>
    </ClInclude>
    <ClInclude Include="lib\MCVector2D.h">
      <Filter>lib</Filter>
    </ClInclude>
    <ClInclude Include="lib\MCVector3D.h">
      <Filter>lib</Filter>
    </ClInclude>
    <ClInclude Include="linkup\dpdialog.h">
      <Filter>linkup</Filter>
    </ClInclude>
    <ClInclude Include="linkup\dpmessage.h">
      <Filter>linkup</Filter>
    </ClInclude>
    <ClInclude Include="linkup\dpplayer.h">
      <Filter>linkup</Filter>
    </ClInclude>
    <ClInclude Include="linkup\ficommonnetwork.h">
      <Filter>linkup</Filter>
    </ClInclude>
    <ClInclude Include="linkup\fidpgroup.h">
      <Filter>linkup</Filter>
    </ClInclude>
    <ClInclude Include="linkup\filetransferinfo.h">
      <Filter>linkup</Filter>
    </ClInclude>
    <ClInclude Include="linkup\linkedlist.h">
      <Filter>linkup</Filter>
    </ClInclude>
    <ClInclude Include="linkup\linkedlist.hpp">
      <Filter>linkup</Filter>
    </ClInclude>
    <ClInclude Include="linkup\session.h">
      <Filter>linkup</Filter>
    </ClInclude>
    <ClInclude Include="linkup\sessionmanager.h">
      <Filter>linkup</Filter>
    </ClInclude>
    <ClInclude Include="logistics\MCBriefingBox.h">
      <Filter>logistics</Filter>
    </ClInclude>
    <ClInclude Include="logistics\MCBriefingScreen.h">
      <Filter>logistics</Filter>
    </ClInclude>
    <ClInclude Include="logistics\MCCompInventoryBlock.h">
      <Filter>logistics</Filter>
    </ClInclude>
    <ClInclude Include="logistics\MCCompPurchaseBlock.h">
      <Filter>logistics</Filter>
    </ClInclude>
    <ClInclude Include="logistics\MCConnectMenu.h">
      <Filter>logistics</Filter>
    </ClInclude>
    <ClInclude Include="logistics\MCDragIcon.h">
      <Filter>logistics</Filter>
    </ClInclude>
    <ClInclude Include="logistics\MCFileScrollPane.h">
      <Filter>logistics</Filter>
    </ClInclude>
    <ClInclude Include="logistics\MCGameList.h">
      <Filter>logistics</Filter>
    </ClInclude>
    <ClInclude Include="logistics\MCGenericScreen.h">
      <Filter>logistics</Filter>
    </ClInclude>
    <ClInclude Include="logistics\MCInventoryBlock.h">
      <Filter>logistics</Filter>
    </ClInclude>
    <ClInclude Include="logistics\MCLoadSaveMenu.h">
      <Filter>logistics</Filter>
    </ClInclude>
    <ClInclude Include="logistics\MCLogButton.h">
      <Filter>logistics</Filter>
    </ClInclude>
    <ClInclude Include="logistics\MCLogChatInput.h">
      <Filter>logistics</Filter>
    </ClInclude>
    <ClInclude Include="logistics\MCLogChatWindow.h">
      <Filter>logistics</Filter>
    </ClInclude>
    <ClInclude Include="logistics\MCLogComboBox.h">
      <Filter>logistics</Filter>
    </ClInclude>
    <ClInclude Include="logistics\MCLogDialogBox.h">
      <Filter>logistics</Filter>
    </ClInclude>
    <ClInclude Include="logistics\MCLogDialogButton.h">
      <Filter>logistics</Filter>
    </ClInclude>
    <ClInclude Include="logistics\MCLogInvScreen.h">
      <Filter>logistics</Filter>
    </ClInclude>
    <ClInclude Include="logistics\MCLogMenus.h">
      <Filter>logistics</Filter>
    </ClInclude>
    <ClInclude Include="logistics\MCLogObject.h">
      <Filter>logistics</Filter>
    </ClInclude>
    <ClInclude Include="logistics\MCLogPort.h">
      <Filter>logistics</Filter>
    </ClInclude>
    <ClInclude Include="logistics\MCLogRows.h">
      <Filter>logistics</Filter>
    </ClInclude>
    <ClInclude Include="logistics\MCLogScrollTextObject.h">
      <Filter>logistics</Filter>
    </ClInclude>
    <ClInclude Include="logistics\MCLogSlider.h">
      <Filter>logistics</Filter>
    </ClInclude>
    <ClInclude Include="logistics\MCLogTextObject.h">
      <Filter>logistics</Filter>
    </ClInclude>
    <ClInclude Include="logistics\MCLogToolButton.h">
      <Filter>logistics</Filter>
    </ClInclude>
    <ClInclude Include="logistics\MCMainMenu.h">
      <Filter>logistics</Filter>
    </ClInclude>
    <ClInclude Include="logistics\MCMechBriefBlock.h">
      <Filter>logistics</Filter>
    </ClInclude>
    <ClInclude Include="logistics\MCMechInventoryBlock.h">
      <Filter>logistics</Filter>
    </ClInclude>
    <ClInclude Include="logistics\MCMechPurchaseBlock.h">
      <Filter>logistics</Filter>
    </ClInclude>
    <ClInclude Include="logistics\MCMechRepairBlock.h">
      <Filter>logistics</Filter>
    </ClInclude>
    <ClInclude Include="logistics\MCMissionLogisticsBridge.h">
      <Filter>logistics</Filter>
    </ClInclude>
    <ClInclude Include="logistics\MCPilotInventoryBlock.h">
      <Filter>logistics</Filter>
    </ClInclude>
    <ClInclude Include="logistics\MCPilotPurchaseBlock.h">
      <Filter>logistics</Filter>
    </ClInclude>
    <ClInclude Include="logistics\MCPlayerNameObject.h">
      <Filter>logistics</Filter>
    </ClInclude>
    <ClInclude Include="logistics\MCPreferencesMenu.h">
      <Filter>logistics</Filter>
    </ClInclude>
    <ClInclude Include="logistics\MCPurchaseDlg.h">
      <Filter>logistics</Filter>
    </ClInclude>
    <ClInclude Include="logistics\MCPurchaseScreen.h">
      <Filter>logistics</Filter>
    </ClInclude>
    <ClInclude Include="logistics\MCPurMechList.h">
      <Filter>logistics</Filter>
    </ClInclude>
    <ClInclude Include="logistics\MCPurPilotList.h">
      <Filter>logistics</Filter>
    </ClInclude>
    <ClInclude Include="logistics\MCPurProfile.h">
      <Filter>logistics</Filter>
    </ClInclude>
    <ClInclude Include="logistics\MCPurVehicleList.h">
      <Filter>logistics</Filter>
    </ClInclude>
    <ClInclude Include="logistics\MCRegistrySettings.h">
      <Filter>logistics</Filter>
    </ClInclude>
    <ClInclude Include="logistics\MCRepairScreen.h">
      <Filter>logistics</Filter>
    </ClInclude>
    <ClInclude Include="logistics\MCReusableDialog.h">
      <Filter>logistics</Filter>
    </ClInclude>
    <ClInclude Include="logistics\MCSessionScreen.h">
      <Filter>logistics</Filter>
    </ClInclude>
    <ClInclude Include="logistics\MCSmuti.h">
      <Filter>logistics</Filter>
    </ClInclude>
    <ClInclude Include="logistics\MCSplashScreen.h">
      <Filter>logistics</Filter>
    </ClInclude>
    <ClInclude Include="logistics\MCStoreRow.h">
      <Filter>logistics</Filter>
    </ClInclude>
    <ClInclude Include="logistics\MCTicker.h">
      <Filter>logistics</Filter>
    </ClInclude>
    <ClInclude Include="logistics\MCUnitLimits.h">
      <Filter>logistics</Filter>
    </ClInclude>
    <ClInclude Include="logistics\MCVehicleInventoryBlock.h">
      <Filter>logistics</Filter>
    </ClInclude>
    <ClInclude Include="logistics\MCVehiclePurchaseBlock.h">
      <Filter>logistics</Filter>
    </ClInclude>
    <ClInclude Include="logistics\MCVehicleRepairBlock.h">
      <Filter>logistics</Filter>
    </ClInclude>
    <ClInclude Include="main\MCAblDebuggerConsole.h">
      <Filter>main</Filter>
    </ClInclude>
    <ClInclude Include="main\MCDropSlot.h">
      <Filter>main</Filter>
    </ClInclude>
    <ClInclude Include="main\MCErrorReport.h">
      <Filter>main</Filter>
    </ClInclude>
    <ClInclude Include="main\MCForceMessages.h">
      <Filter>main</Filter>
    </ClInclude>
    <ClInclude Include="main\MCGameContext.h">
      <Filter>main</Filter>
    </ClInclude>
    <ClInclude Include="main\MCGamePaths.h">
      <Filter>main</Filter>
    </ClInclude>
    <ClInclude Include="main\MCGameSession.h">
      <Filter>main</Filter>
    </ClInclude>
    <ClInclude Include="main\MCGameStrings.h">
      <Filter>main</Filter>
    </ClInclude>
    <ClInclude Include="main\MCInventoryList.h">
      <Filter>main</Filter>
    </ClInclude>
    <ClInclude Include="main\MCLogistics.h">
      <Filter>main</Filter>
    </ClInclude>
    <ClInclude Include="main\MCLogisticsShared.h">
      <Filter>main</Filter>
    </ClInclude>
    <ClInclude Include="main\MCLogMech.h">
      <Filter>main</Filter>
    </ClInclude>
    <ClInclude Include="main\MCLogMechList.h">
      <Filter>main</Filter>
    </ClInclude>
    <ClInclude Include="main\MCLogPart.h">
      <Filter>main</Filter>
    </ClInclude>
    <ClInclude Include="main\MCLogVehicle.h">
      <Filter>main</Filter>
    </ClInclude>
    <ClInclude Include="main\MCLogVehicleList.h">
      <Filter>main</Filter>
    </ClInclude>
    <ClInclude Include="main\MCLogWarrior.h">
      <Filter>main</Filter>
    </ClInclude>
    <ClInclude Include="main\MCLogWarriorList.h">
      <Filter>main</Filter>
    </ClInclude>
    <ClInclude Include="main\MCMissionGlobals.h">
      <Filter>main</Filter>
    </ClInclude>
    <ClInclude Include="main\MCMPPlayerLights.h">
      <Filter>main</Filter>
    </ClInclude>
    <ClInclude Include="main\MCOriginalBugFixes.h">
      <Filter>main</Filter>
    </ClInclude>
    <ClInclude Include="main\MCSystemConfig.h">
      <Filter>main</Filter>
    </ClInclude>
    <ClInclude Include="MCCore.h" />
    <ClInclude Include="MCPort.h" />
    <ClInclude Include="mission\MCDifficultySettings.h">
      <Filter>mission</Filter>
    </ClInclude>
    <ClInclude Include="mission\MCMission.h">
      <Filter>mission</Filter>
    </ClInclude>
    <ClInclude Include="mission\MCMissionResults.h">
      <Filter>mission</Filter>
    </ClInclude>
    <ClInclude Include="mission\MCMissionResultsScreen.h">
      <Filter>mission</Filter>
    </ClInclude>
    <ClInclude Include="mission\MCScenario.h">
      <Filter>mission</Filter>
    </ClInclude>
    <ClInclude Include="mission\MCScenarioObjectives.h">
      <Filter>mission</Filter>
    </ClInclude>
    <ClInclude Include="mission\MCScenarioPart.h">
      <Filter>mission</Filter>
    </ClInclude>
    <ClInclude Include="mission\MCScenarioReading.h">
      <Filter>mission</Filter>
    </ClInclude>
    <ClInclude Include="network\multplyr.h">
      <Filter>network</Filter>
    </ClInclude>
    <ClInclude Include="object\MCAIControl.h">
      <Filter>object</Filter>
    </ClInclude>
    <ClInclude Include="object\MCArtillery.h">
      <Filter>object</Filter>
    </ClInclude>
    <ClInclude Include="object\MCArtilleryChunk.h">
      <Filter>object</Filter>
    </ClInclude>
    <ClInclude Include="object\MCArtilleryType.h">
      <Filter>object</Filter>
    </ClInclude>
    <ClInclude Include="object\MCBaseObject.h">
      <Filter>object</Filter>
    </ClInclude>
    <ClInclude Include="object\MCBattleMech.h">
      <Filter>object</Filter>
    </ClInclude>
    <ClInclude Include="object\MCBattleMechType.h">
      <Filter>object</Filter>
    </ClInclude>
    <ClInclude Include="object\MCBigGameObject.h">
      <Filter>object</Filter>
    </ClInclude>
    <ClInclude Include="object\MCBuilding.h">
      <Filter>object</Filter>
    </ClInclude>
    <ClInclude Include="object\MCBuildingMarines.h">
      <Filter>object</Filter>
    </ClInclude>
    <ClInclude Include="object\MCBuildingType.h">
      <Filter>object</Filter>
    </ClInclude>
    <ClInclude Include="object\MCBullet.h">
      <Filter>object</Filter>
    </ClInclude>
    <ClInclude Include="object\MCBulletType.h">
      <Filter>object</Filter>
    </ClInclude>
    <ClInclude Include="object\MCCameraDrone.h">
      <Filter>object</Filter>
    </ClInclude>
    <ClInclude Include="object\MCCameraDroneType.h">
      <Filter>object</Filter>
    </ClInclude>
    <ClInclude Include="object\MCCollisionGrid.h">
      <Filter>object</Filter>
    </ClInclude>
    <ClInclude Include="object\MCCollisionSystem.h">
      <Filter>object</Filter>
    </ClInclude>
    <ClInclude Include="object\MCCommander.h">
      <Filter>object</Filter>
    </ClInclude>
    <ClInclude Include="object\MCContactSystem.h">
      <Filter>object</Filter>
    </ClInclude>
    <ClInclude Include="object\MCControl.h">
      <Filter>object</Filter>
    </ClInclude>
    <ClInclude Include="object\MCDebris.h">
      <Filter>object</Filter>
    </ClInclude>
    <ClInclude Include="object\MCDebrisType.h">
      <Filter>object</Filter>
    </ClInclude>
    <ClInclude Include="object\MCDynamics.h">
      <Filter>object</Filter>
    </ClInclude>
    <ClInclude Include="object\MCEffectSystem.h">
      <Filter>object</Filter>
    </ClInclude>
    <ClInclude Include="object\MCElemental.h">
      <Filter>object</Filter>
    </ClInclude>
    <ClInclude Include="object\MCElementalControlData.h">
      <Filter>object</Filter>
    </ClInclude>
    <ClInclude Include="object\MCElementalDynamics.h">
      <Filter>object</Filter>
    </ClInclude>
    <ClInclude Include="object\MCElementalGameSystem.h">
      <Filter>object</Filter>
    </ClInclude>
    <ClInclude Include="object\MCElementalType.h">
      <Filter>object</Filter>
    </ClInclude>
    <ClInclude Include="object\MCExplosion.h">
      <Filter>object</Filter>
    </ClInclude>
    <ClInclude Include="object\MCExplosionType.h">
      <Filter>object</Filter>
    </ClInclude>
    <ClInclude Include="object\MCFire.h">
      <Filter>object</Filter>
    </ClInclude>
    <ClInclude Include="object\MCFireType.h">
      <Filter>object</Filter>
    </ClInclude>
    <ClInclude Include="object\MCForces.h">
      <Filter>object</Filter>
    </ClInclude>
    <ClInclude Include="object\MCGameObject.h">
      <Filter>object</Filter>
    </ClInclude>
    <ClInclude Include="object\MCGameSystemReader.h">
      <Filter>object</Filter>
    </ClInclude>
    <ClInclude Include="object\MCGate.h">
      <Filter>object</Filter>
    </ClInclude>
    <ClInclude Include="object\MCGateType.h">
      <Filter>object</Filter>
    </ClInclude>
    <ClInclude Include="object\MCGroundVehicle.h">
      <Filter>object</Filter>
    </ClInclude>
    <ClInclude Include="object\MCGroundVehicleControlData.h">
      <Filter>object</Filter>
    </ClInclude>
    <ClInclude Include="object\MCGroundVehicleDynamics.h">
      <Filter>object</Filter>
    </ClInclude>
    <ClInclude Include="object\MCGroundVehicleGameSystem.h">
      <Filter>object</Filter>
    </ClInclude>
    <ClInclude Include="object\MCGroundVehicleType.h">
      <Filter>object</Filter>
    </ClInclude>
    <ClInclude Include="object\MCJet.h">
      <Filter>object</Filter>
    </ClInclude>
    <ClInclude Include="object\MCJetType.h">
      <Filter>object</Filter>
    </ClInclude>
    <ClInclude Include="object\MCLaser.h">
      <Filter>object</Filter>
    </ClInclude>
    <ClInclude Include="object\MCLaserType.h">
      <Filter>object</Filter>
    </ClInclude>
    <ClInclude Include="object\MCLight.h">
      <Filter>object</Filter>
    </ClInclude>
    <ClInclude Include="object\MCLightType.h">
      <Filter>object</Filter>
    </ClInclude>
    <ClInclude Include="object\MCMasterComponent.h">
      <Filter>object</Filter>
    </ClInclude>
    <ClInclude Include="object\MCMechControlData.h">
      <Filter>object</Filter>
    </ClInclude>
    <ClInclude Include="object\MCMechDynamics.h">
      <Filter>object</Filter>
    </ClInclude>
    <ClInclude Include="object\MCMechGameSystem.h">
      <Filter>object</Filter>
    </ClInclude>
    <ClInclude Include="object\MCMechWarrior.h">
      <Filter>object</Filter>
    </ClInclude>
    <ClInclude Include="object\MCMiscTerrainObject.h">
      <Filter>object</Filter>
    </ClInclude>
    <ClInclude Include="object\MCMiscTerrainObjectType.h">
      <Filter>object</Filter>
    </ClInclude>
    <ClInclude Include="object\MCMover.h">
      <Filter>object</Filter>
    </ClInclude>
    <ClInclude Include="object\MCMoverGameSystem.h">
      <Filter>object</Filter>
    </ClInclude>
    <ClInclude Include="object\MCMoverGroup.h">
      <Filter>object</Filter>
    </ClInclude>
    <ClInclude Include="object\MCMoverMath.h">
      <Filter>object</Filter>
    </ClInclude>
    <ClInclude Include="object\MCMoverParts.h">
      <Filter>object</Filter>
    </ClInclude>
    <ClInclude Include="object\MCNetControl.h">
      <Filter>object</Filter>
    </ClInclude>
    <ClInclude Include="object\MCObjectBlockManager.h">
      <Filter>object</Filter>
    </ClInclude>
    <ClInclude Include="object\MCObjectDrawing.h">
      <Filter>object</Filter>
    </ClInclude>
    <ClInclude Include="object\MCObjectEvent.h">
      <Filter>object</Filter>
    </ClInclude>
    <ClInclude Include="object\MCObjectList.h">
      <Filter>object</Filter>
    </ClInclude>
    <ClInclude Include="object\MCObjectQueue.h">
      <Filter>object</Filter>
    </ClInclude>
    <ClInclude Include="object\MCObjectSystem.h">
      <Filter>object</Filter>
    </ClInclude>
    <ClInclude Include="object\MCObjectType.h">
      <Filter>object</Filter>
    </ClInclude>
    <ClInclude Include="object\MCObjectTypeManager.h">
      <Filter>object</Filter>
    </ClInclude>
    <ClInclude Include="object\MCObjectWatcher.h">
      <Filter>object</Filter>
    </ClInclude>
    <ClInclude Include="object\MCPilotAlarm.h">
      <Filter>object</Filter>
    </ClInclude>
    <ClInclude Include="object\MCPilotOrders.h">
      <Filter>object</Filter>
    </ClInclude>
    <ClInclude Include="object\MCPlayerControl.h">
      <Filter>object</Filter>
    </ClInclude>
    <ClInclude Include="object\MCPotentialContact.h">
      <Filter>object</Filter>
    </ClInclude>
    <ClInclude Include="object\MCProjectileLaser.h">
      <Filter>object</Filter>
    </ClInclude>
    <ClInclude Include="object\MCProjectileLaserType.h">
      <Filter>object</Filter>
    </ClInclude>
    <ClInclude Include="object\MCSalvageItem.h">
      <Filter>object</Filter>
    </ClInclude>
    <ClInclude Include="object\MCSensorSystem.h">
      <Filter>object</Filter>
    </ClInclude>
    <ClInclude Include="object\MCSmoke.h">
      <Filter>object</Filter>
    </ClInclude>
    <ClInclude Include="object\MCSmokeType.h">
      <Filter>object</Filter>
    </ClInclude>
    <ClInclude Include="object\MCSortList.h">
      <Filter>object</Filter>
    </ClInclude>
    <ClInclude Include="object\MCStatusChunk.h">
      <Filter>object</Filter>
    </ClInclude>
    <ClInclude Include="object\MCTacOrderQueue.h">
      <Filter>object</Filter>
    </ClInclude>
    <ClInclude Include="object\MCTeam.h">
      <Filter>object</Filter>
    </ClInclude>
    <ClInclude Include="object\MCTerrainObject.h">
      <Filter>object</Filter>
    </ClInclude>
    <ClInclude Include="object\MCTerrainObjectType.h">
      <Filter>object</Filter>
    </ClInclude>
    <ClInclude Include="object\MCTrain.h">
      <Filter>object</Filter>
    </ClInclude>
    <ClInclude Include="object\MCTrainCar.h">
      <Filter>object</Filter>
    </ClInclude>
    <ClInclude Include="object\MCTrainCarType.h">
      <Filter>object</Filter>
    </ClInclude>
    <ClInclude Include="object\MCTrainManager.h">
      <Filter>object</Filter>
    </ClInclude>
    <ClInclude Include="object\MCTree.h">
      <Filter>object</Filter>
    </ClInclude>
    <ClInclude Include="object\MCTreeBuilding.h">
      <Filter>object</Filter>
    </ClInclude>
    <ClInclude Include="object\MCTreeBuildingType.h">
      <Filter>object</Filter>
    </ClInclude>
    <ClInclude Include="object\MCTreeType.h">
      <Filter>object</Filter>
    </ClInclude>
    <ClInclude Include="object\MCTurret.h">
      <Filter>object</Filter>
    </ClInclude>
    <ClInclude Include="object\MCTurretType.h">
      <Filter>object</Filter>
    </ClInclude>
    <ClInclude Include="object\MCVertexPlacement.h">
      <Filter>object</Filter>
    </ClInclude>
    <ClInclude Include="object\MCWeaponChunkDebug.h">
      <Filter>object</Filter>
    </ClInclude>
    <ClInclude Include="object\MCWeaponFireChunk.h">
      <Filter>object</Filter>
    </ClInclude>
    <ClInclude Include="object\MCWeaponHitChunk.h">
      <Filter>object</Filter>
    </ClInclude>
    <ClInclude Include="object\MCWeaponShotInfo.h">
      <Filter>object</Filter>
    </ClInclude>
    <ClInclude Include="platform\MCAllocator.h">
      <Filter>platform</Filter>
    </ClInclude>
    <ClInclude Include="platform\MCAudio.h">
      <Filter>platform</Filter>
    </ClInclude>
    <ClInclude Include="platform\MCBlockStore.h">
      <Filter>platform</Filter>
    </ClInclude>
    <ClInclude Include="platform\MCCursor.h">
      <Filter>platform</Filter>
    </ClInclude>
    <ClInclude Include="platform\MCDirectPlay.h">
      <Filter>platform</Filter>
    </ClInclude>
    <ClInclude Include="platform\MCDisplay.h">
      <Filter>platform</Filter>
    </ClInclude>
    <ClInclude Include="platform\MCFileSystem.h">
      <Filter>platform</Filter>
    </ClInclude>
    <ClInclude Include="platform\MCFrameLog.h">
      <Filter>platform</Filter>
    </ClInclude>
    <ClInclude Include="platform\MCInput.h">
      <Filter>platform</Filter>
    </ClInclude>
    <ClInclude Include="platform\MCPresenter.h">
      <Filter>platform</Filter>
    </ClInclude>
    <ClInclude Include="platform\MCRegisteredBlock.h">
      <Filter>platform</Filter>
    </ClInclude>
    <ClInclude Include="platform\MCRegistry.h">
      <Filter>platform</Filter>
    </ClInclude>
    <ClInclude Include="platform\MCRenderer.h">
      <Filter>platform</Filter>
    </ClInclude>
    <ClInclude Include="platform\MCSdlPresenter.h">
      <Filter>platform</Filter>
    </ClInclude>
    <ClInclude Include="platform\MCServices.h">
      <Filter>platform</Filter>
    </ClInclude>
    <ClInclude Include="platform\MCSmacker.h">
      <Filter>platform</Filter>
    </ClInclude>
    <ClInclude Include="platform\MCSocket.h">
      <Filter>platform</Filter>
    </ClInclude>
    <ClInclude Include="platform\MCSoftwareRenderer.h">
      <Filter>platform</Filter>
    </ClInclude>
    <ClInclude Include="platform\MCStringTable.h">
      <Filter>platform</Filter>
    </ClInclude>
    <ClInclude Include="platform\MCVulkanPresenter.h">
      <Filter>platform</Filter>
    </ClInclude>
    <ClInclude Include="platform\MCVulkanRenderer.h">
      <Filter>platform</Filter>
    </ClInclude>
    <ClInclude Include="platform\MCVulkanShaders.h">
      <Filter>platform</Filter>
    </ClInclude>
    <ClInclude Include="platform\MCWin32Defs.h">
      <Filter>platform</Filter>
    </ClInclude>
    <ClInclude Include="sound\MCRadio.h">
      <Filter>sound</Filter>
    </ClInclude>
    <ClInclude Include="sound\MCRadioMessage.h">
      <Filter>sound</Filter>
    </ClInclude>
    <ClInclude Include="sound\MCSoundSystem.h">
      <Filter>sound</Filter>
    </ClInclude>
    <ClInclude Include="sprite\MCArmAppearance.h">
      <Filter>sprite</Filter>
    </ClInclude>
    <ClInclude Include="sprite\MCArmAppearanceType.h">
      <Filter>sprite</Filter>
    </ClInclude>
    <ClInclude Include="sprite\MCElementalActor.h">
      <Filter>sprite</Filter>
    </ClInclude>
    <ClInclude Include="sprite\MCElementalTree.h">
      <Filter>sprite</Filter>
    </ClInclude>
    <ClInclude Include="sprite\MCGVAppearance.h">
      <Filter>sprite</Filter>
    </ClInclude>
    <ClInclude Include="sprite\MCGVAppearanceType.h">
      <Filter>sprite</Filter>
    </ClInclude>
    <ClInclude Include="sprite\MCMechActor.h">
      <Filter>sprite</Filter>
    </ClInclude>
    <ClInclude Include="sprite\MCPUAppearance.h">
      <Filter>sprite</Filter>
    </ClInclude>
    <ClInclude Include="sprite\MCPUAppearanceType.h">
      <Filter>sprite</Filter>
    </ClInclude>
    <ClInclude Include="sprite\MCShape.h">
      <Filter>sprite</Filter>
    </ClInclude>
    <ClInclude Include="sprite\MCSpriteManager.h">
      <Filter>sprite</Filter>
    </ClInclude>
    <ClInclude Include="sprite\MCSpriteMath.h">
      <Filter>sprite</Filter>
    </ClInclude>
    <ClInclude Include="sprite\MCSpriteTree.h">
      <Filter>sprite</Filter>
    </ClInclude>
    <ClInclude Include="sprite\MCVfxAppearance.h">
      <Filter>sprite</Filter>
    </ClInclude>
    <ClInclude Include="sprite\MCVfxAppearanceType.h">
      <Filter>sprite</Filter>
    </ClInclude>
    <ClInclude Include="sprite\MCVfxBuildingAppearance.h">
      <Filter>sprite</Filter>
    </ClInclude>
    <ClInclude Include="sprite\MCVfxBuildingAppearanceType.h">
      <Filter>sprite</Filter>
    </ClInclude>
    <ClInclude Include="stdafx.h" />
    <ClInclude Include="targetver.h" />
    <ClInclude Include="terrain\MCArtilleryButton.h">
      <Filter>terrain</Filter>
    </ClInclude>
    <ClInclude Include="terrain\MCGroundMesh.h">
      <Filter>terrain</Filter>
    </ClInclude>
    <ClInclude Include="terrain\MCMapBlockManager.h">
      <Filter>terrain</Filter>
    </ClInclude>
    <ClInclude Include="terrain\MCTacticalMap.h">
      <Filter>terrain</Filter>
    </ClInclude>
    <ClInclude Include="terrain\MCTacticalMapLayout.h">
      <Filter>terrain</Filter>
    </ClInclude>
    <ClInclude Include="terrain\MCTerrain.h">
      <Filter>terrain</Filter>
    </ClInclude>
    <ClInclude Include="terrain\MCTerrainTiles.h">
      <Filter>terrain</Filter>
    </ClInclude>
    <ClInclude Include="terrain\MCTerrainWindow.h">
      <Filter>terrain</Filter>
    </ClInclude>
    <ClInclude Include="terrain\MCToolPalButton.h">
      <Filter>terrain</Filter>
    </ClInclude>
    <ClInclude Include="terrain\MCVertex.h">
      <Filter>terrain</Filter>
    </ClInclude>
    <ClInclude Include="terrain\MCVideoWindow.h">
      <Filter>terrain</Filter>
    </ClInclude>
    <ClInclude Include="vfx\MCAgShape.h">
      <Filter>vfx</Filter>
    </ClInclude>
    <ClInclude Include="vfx\MCVfx.h">
      <Filter>vfx</Filter>
    </ClInclude>
    <ClInclude Include="vfx\MCVfxClip.h">
      <Filter>vfx</Filter>
    </ClInclude>
    <ClInclude Include="vfx\MCVfxFunctions.h">
      <Filter>vfx</Filter>
    </ClInclude>
  </ItemGroup>
</Project>
