<?xml version="1.0" encoding="utf-8"?>
<Project ToolsVersion="4.0" xmlns="http://schemas.microsoft.com/developer/msbuild/2003">
  <ItemGroup>
    <Filter Include="tests">
      <UniqueIdentifier>{941e4064-a7ed-55bd-827f-2fe9663a2a97}</UniqueIdentifier>
    </Filter>
  </ItemGroup>
  <ItemGroup>
    <ClCompile Include="stdafx.cpp" />
    <ClCompile Include="tests\CursorTests.cpp">
      <Filter>tests</Filter>
    </ClCompile>
    <ClCompile Include="tests\DirectPlayTests.cpp">
      <Filter>tests</Filter>
    </ClCompile>
    <ClCompile Include="tests\FrameHashTests.cpp">
      <Filter>tests</Filter>
    </ClCompile>
    <ClCompile Include="tests\GpuDrawingTests.cpp">
      <Filter>tests</Filter>
    </ClCompile>
    <ClCompile Include="tests\GroundVehicleTests.cpp">
      <Filter>tests</Filter>
    </ClCompile>
    <ClCompile Include="tests\IniFileTests.cpp">
      <Filter>tests</Filter>
    </ClCompile>
    <ClCompile Include="tests\InputTests.cpp">
      <Filter>tests</Filter>
    </ClCompile>
    <ClCompile Include="tests\LibTests.cpp">
      <Filter>tests</Filter>
    </ClCompile>
    <ClCompile Include="tests\LogisticsTests.cpp">
      <Filter>tests</Filter>
    </ClCompile>
    <ClCompile Include="tests\LogisticsViewTests.cpp">
      <Filter>tests</Filter>
    </ClCompile>
    <ClCompile Include="tests\MCTest.cpp">
      <Filter>tests</Filter>
    </ClCompile>
    <ClCompile Include="tests\MissionTests.cpp">
      <Filter>tests</Filter>
    </ClCompile>
    <ClCompile Include="tests\ObjectQueueTests.cpp">
      <Filter>tests</Filter>
    </ClCompile>
    <ClCompile Include="tests\PathfindingTests.cpp">
      <Filter>tests</Filter>
    </ClCompile>
    <ClCompile Include="tests\PortTests.cpp">
      <Filter>tests</Filter>
    </ClCompile>
    <ClCompile Include="tests\PresenterTests.cpp">
      <Filter>tests</Filter>
    </ClCompile>
    <ClCompile Include="tests\ScreenInput.cpp">
      <Filter>tests</Filter>
    </ClCompile>
    <ClCompile Include="tests\SessionScreenTests.cpp">
      <Filter>tests</Filter>
    </ClCompile>
    <ClCompile Include="tests\SmackerTests.cpp">
      <Filter>tests</Filter>
    </ClCompile>
    <ClCompile Include="tests\TerrainGridTests.cpp">
      <Filter>tests</Filter>
    </ClCompile>
    <ClCompile Include="tests\TestGame.cpp">
      <Filter>tests</Filter>
    </ClCompile>
    <ClCompile Include="tests\VfxFontImageTests.cpp">
      <Filter>tests</Filter>
    </ClCompile>
    <ClCompile Include="tests\VfxGameHelperTests.cpp">
      <Filter>tests</Filter>
    </ClCompile>
    <ClCompile Include="tests\VfxPolygonTests.cpp">
      <Filter>tests</Filter>
    </ClCompile>
    <ClCompile Include="tests\VfxTransformTests.cpp">
      <Filter>tests</Filter>
    </ClCompile>
    <ClCompile Include="tests\VideoWindowTests.cpp">
      <Filter>tests</Filter>
    </ClCompile>
    <ClCompile Include="tests\ZoomTests.cpp">
      <Filter>tests</Filter>
    </ClCompile>
  </ItemGroup>
  <ItemGroup>
    <ClInclude Include="stdafx.h" />
    <ClInclude Include="tests\MCTest.h">
      <Filter>tests</Filter>
    </ClInclude>
    <ClInclude Include="tests\ScreenInput.h">
      <Filter>tests</Filter>
    </ClInclude>
    <ClInclude Include="tests\TestGame.h">
      <Filter>tests</Filter>
    </ClInclude>
  </ItemGroup>
</Project>
