<?xml version="1.0" encoding="utf-8"?>
<Project ToolsVersion="4.0" xmlns="http://schemas.microsoft.com/developer/msbuild/2003">
  <ItemGroup>
    <Filter Include="tests">
      <UniqueIdentifier>{941e4064-a7ed-55bd-827f-2fe9663a2a97}</UniqueIdentifier>
    </Filter>
    <Filter Include="tests\fakes">
      <UniqueIdentifier>{b8d10c10-6877-5cb7-a0fe-d3f1eaa572db}</UniqueIdentifier>
    </Filter>
    <Filter Include="tests\fixtures">
      <UniqueIdentifier>{b36fc39a-3bf2-577a-bdd9-5294152214d8}</UniqueIdentifier>
    </Filter>
  </ItemGroup>
  <ItemGroup>
    <ClCompile Include="stdafx.cpp" />
    <ClCompile Include="tests\AblRuntimeTests.cpp">
      <Filter>tests</Filter>
    </ClCompile>
    <ClCompile Include="tests\AblTests.cpp">
      <Filter>tests</Filter>
    </ClCompile>
    <ClCompile Include="tests\AllocatorTests.cpp">
      <Filter>tests</Filter>
    </ClCompile>
    <ClCompile Include="tests\BlockStoreTests.cpp">
      <Filter>tests</Filter>
    </ClCompile>
    <ClCompile Include="tests\ColorTests.cpp">
      <Filter>tests</Filter>
    </ClCompile>
    <ClCompile Include="tests\CursorTests.cpp">
      <Filter>tests</Filter>
    </ClCompile>
    <ClCompile Include="tests\DirectPlayTests.cpp">
      <Filter>tests</Filter>
    </ClCompile>
    <ClCompile Include="tests\EngineTests.cpp">
      <Filter>tests</Filter>
    </ClCompile>
    <ClCompile Include="tests\fakes\MCLoopbackTransport.cpp">
      <Filter>tests\fakes</Filter>
    </ClCompile>
    <ClCompile Include="tests\fakes\MCManualClock.cpp">
      <Filter>tests\fakes</Filter>
    </ClCompile>
    <ClCompile Include="tests\fakes\MCMemoryFileSource.cpp">
      <Filter>tests\fakes</Filter>
    </ClCompile>
    <ClCompile Include="tests\fakes\MCNullAudioDevice.cpp">
      <Filter>tests\fakes</Filter>
    </ClCompile>
    <ClCompile Include="tests\fakes\MCScriptedRandom.cpp">
      <Filter>tests\fakes</Filter>
    </ClCompile>
    <ClCompile Include="tests\fixtures\MCRetailData.cpp">
      <Filter>tests\fixtures</Filter>
    </ClCompile>
    <ClCompile Include="tests\fixtures\MCTerrainGeometryScope.cpp">
      <Filter>tests\fixtures</Filter>
    </ClCompile>
    <ClCompile Include="tests\fixtures\MCTinyMap.cpp">
      <Filter>tests\fixtures</Filter>
    </ClCompile>
    <ClCompile Include="tests\FrameHashTests.cpp">
      <Filter>tests</Filter>
    </ClCompile>
    <ClCompile Include="tests\GpuDrawingTests.cpp">
      <Filter>tests</Filter>
    </ClCompile>
    <ClCompile Include="tests\GroundVehicleTests.cpp">
      <Filter>tests</Filter>
    </ClCompile>
    <ClCompile Include="tests\GuiTests.cpp">
      <Filter>tests</Filter>
    </ClCompile>
    <ClCompile Include="tests\IniFileTests.cpp">
      <Filter>tests</Filter>
    </ClCompile>
    <ClCompile Include="tests\InputTests.cpp">
      <Filter>tests</Filter>
    </ClCompile>
    <ClCompile Include="tests\LibTests.cpp">
      <Filter>tests</Filter>
    </ClCompile>
    <ClCompile Include="tests\LinkupTests.cpp">
      <Filter>tests</Filter>
    </ClCompile>
    <ClCompile Include="tests\LogisticsTests.cpp">
      <Filter>tests</Filter>
    </ClCompile>
    <ClCompile Include="tests\LogisticsViewTests.cpp">
      <Filter>tests</Filter>
    </ClCompile>
    <ClCompile Include="tests\MCTest.cpp">
      <Filter>tests</Filter>
    </ClCompile>
    <ClCompile Include="tests\MissionTests.cpp">
      <Filter>tests</Filter>
    </ClCompile>
    <ClCompile Include="tests\ObjectQueueTests.cpp">
      <Filter>tests</Filter>
    </ClCompile>
    <ClCompile Include="tests\ObjectTypeTests.cpp">
      <Filter>tests</Filter>
    </ClCompile>
    <ClCompile Include="tests\PathfindingTests.cpp">
      <Filter>tests</Filter>
    </ClCompile>
    <ClCompile Include="tests\PortTests.cpp">
      <Filter>tests</Filter>
    </ClCompile>
    <ClCompile Include="tests\PresenterTests.cpp">
      <Filter>tests</Filter>
    </ClCompile>
    <ClCompile Include="tests\ScreenInput.cpp">
      <Filter>tests</Filter>
    </ClCompile>
    <ClCompile Include="tests\ServicesTests.cpp">
      <Filter>tests</Filter>
    </ClCompile>
    <ClCompile Include="tests\SessionScreenTests.cpp">
      <Filter>tests</Filter>
    </ClCompile>
    <ClCompile Include="tests\SmackerTests.cpp">
      <Filter>tests</Filter>
    </ClCompile>
    <ClCompile Include="tests\SortTests.cpp">
      <Filter>tests</Filter>
    </ClCompile>
    <ClCompile Include="tests\SpriteTests.cpp">
      <Filter>tests</Filter>
    </ClCompile>
    <ClCompile Include="tests\StateHashTests.cpp">
      <Filter>tests</Filter>
    </ClCompile>
    <ClCompile Include="tests\TerrainGridTests.cpp">
      <Filter>tests</Filter>
    </ClCompile>
    <ClCompile Include="tests\TerrainTests.cpp">
      <Filter>tests</Filter>
    </ClCompile>
    <ClCompile Include="tests\TestGame.cpp">
      <Filter>tests</Filter>
    </ClCompile>
    <ClCompile Include="tests\VfxFontImageTests.cpp">
      <Filter>tests</Filter>
    </ClCompile>
    <ClCompile Include="tests\VfxGameHelperTests.cpp">
      <Filter>tests</Filter>
    </ClCompile>
    <ClCompile Include="tests\VfxPolygonTests.cpp">
      <Filter>tests</Filter>
    </ClCompile>
    <ClCompile Include="tests\VfxTransformTests.cpp">
      <Filter>tests</Filter>
    </ClCompile>
    <ClCompile Include="tests\VideoWindowTests.cpp">
      <Filter>tests</Filter>
    </ClCompile>
    <ClCompile Include="tests\ZoomTests.cpp">
      <Filter>tests</Filter>
    </ClCompile>
  </ItemGroup>
  <ItemGroup>
    <ClInclude Include="stdafx.h" />
    <ClInclude Include="tests\fakes\MCLoopbackTransport.h">
      <Filter>tests\fakes</Filter>
    </ClInclude>
    <ClInclude Include="tests\fakes\MCManualClock.h">
      <Filter>tests\fakes</Filter>
    </ClInclude>
    <ClInclude Include="tests\fakes\MCMemoryFileSource.h">
      <Filter>tests\fakes</Filter>
    </ClInclude>
    <ClInclude Include="tests\fakes\MCNullAudioDevice.h">
      <Filter>tests\fakes</Filter>
    </ClInclude>
    <ClInclude Include="tests\fakes\MCScriptedRandom.h">
      <Filter>tests\fakes</Filter>
    </ClInclude>
    <ClInclude Include="tests\fixtures\MCRetailData.h">
      <Filter>tests\fixtures</Filter>
    </ClInclude>
    <ClInclude Include="tests\fixtures\MCTerrainGeometryScope.h">
      <Filter>tests\fixtures</Filter>
    </ClInclude>
    <ClInclude Include="tests\fixtures\MCTinyMap.h">
      <Filter>tests\fixtures</Filter>
    </ClInclude>
    <ClInclude Include="tests\MCMock.h">
      <Filter>tests</Filter>
    </ClInclude>
    <ClInclude Include="tests\MCTest.h">
      <Filter>tests</Filter>
    </ClInclude>
    <ClInclude Include="tests\ScreenInput.h">
      <Filter>tests</Filter>
    </ClInclude>
    <ClInclude Include="tests\TestGame.h">
      <Filter>tests</Filter>
    </ClInclude>
  </ItemGroup>
</Project>
